
Microsoft Visual Studio Solution File, Format Version 12.00
# Visual Studio Version 17
VisualStudioVersion = 17.0.31903.59
MinimumVisualStudioVersion = 10.0.40219.1
Project("{FAE04EC0-301F-11D3-BF4B-00C04F79EFBC}") = "Assembly-CSharp-Editor", "Assembly-CSharp-Editor.csproj", "{45F04328-74EF-4B69-B10B-8393D6DE86EC}"
EndProject
Project("{FAE04EC0-301F-11D3-BF4B-00C04F79EFBC}") = "Assembly-CSharp", "Assembly-CSharp.csproj", "{62D4F9D8-FD02-45FE-9201-4371F24F59F7}"
EndProject
Project("{FAE04EC0-301F-11D3-BF4B-00C04F79EFBC}") = "NakamaRuntime", "NakamaRuntime.csproj", "{66543DEE-7BBE-4F40-BD93-30ACF0AC9C08}"
EndProject
Project("{FAE04EC0-301F-11D3-BF4B-00C04F79EFBC}") = "UnityEditor.UI", "UnityEditor.UI.csproj", "{209DA70D-ED6C-4093-A0BD-95B2A5EB212B}"
EndProject
Project("{FAE04EC0-301F-11D3-BF4B-00C04F79EFBC}") = "UnityEngine.UI", "UnityEngine.UI.csproj", "{0D6B4174-9447-4393-8ACC-2EC6B9A1CCEA}"
EndProject
Project("{FAE04EC0-301F-11D3-BF4B-00C04F79EFBC}") = "UnityEngine.TestRunner", "UnityEngine.TestRunner.csproj", "{11505543-24A6-4A9E-A502-6FFE9C92BDD1}"
EndProject
Project("{FAE04EC0-301F-11D3-BF4B-00C04F79EFBC}") = "UnityEditor.TestRunner", "UnityEditor.TestRunner.csproj", "{95E037F5-ADB8-4FCA-8E7D-F2BB2E738DC8}"
EndProject
Project("{FAE04EC0-301F-11D3-BF4B-00C04F79EFBC}") = "Unity.InputSystem.ForUI", "Unity.InputSystem.ForUI.csproj", "{91695112-AD42-4BC2-B6A9-957C2EC67445}"
EndProject
Project("{FAE04EC0-301F-11D3-BF4B-00C04F79EFBC}") = "Unity.InputSystem", "Unity.InputSystem.csproj", "{739D44D5-31BC-4349-86F0-FDC7D00C0315}"
EndProject
Project("{FAE04EC0-301F-11D3-BF4B-00C04F79EFBC}") = "Unity.Searcher.Editor", "Unity.Searcher.Editor.csproj", "{E0780015-C244-4AB2-A6F0-8E8DBBE36794}"
EndProject
Project("{FAE04EC0-301F-11D3-BF4B-00C04F79EFBC}") = "Unity.AI.Navigation", "Unity.AI.Navigation.csproj", "{FECDE99B-02D2-47DA-92B7-3400A657F664}"
EndProject
Project("{FAE04EC0-301F-11D3-BF4B-00C04F79EFBC}") = "VContainer", "VContainer.csproj", "{EB3FC62E-4A27-4D70-B860-1EEE9C2C4C8A}"
EndProject
Project("{FAE04EC0-301F-11D3-BF4B-00C04F79EFBC}") = "Unity.Collections", "Unity.Collections.csproj", "{FECE1771-657D-4237-8B29-1E421F6C14F7}"
EndProject
Project("{FAE04EC0-301F-11D3-BF4B-00C04F79EFBC}") = "Unity.Burst", "Unity.Burst.csproj", "{7DF70094-1B4D-496B-B264-456B697C1251}"
EndProject
Project("{FAE04EC0-301F-11D3-BF4B-00C04F79EFBC}") = "Unity.Mathematics", "Unity.Mathematics.csproj", "{68E2D2F5-1F57-4992-A15B-FE65B5CC144E}"
EndProject
Project("{FAE04EC0-301F-11D3-BF4B-00C04F79EFBC}") = "UniTask", "UniTask.csproj", "{9ADB277F-C896-4714-9476-03574FFEA3CE}"
EndProject
Project("{FAE04EC0-301F-11D3-BF4B-00C04F79EFBC}") = "Unity.Rider.Editor", "Unity.Rider.Editor.csproj", "{3A989B74-6B00-4203-BAD9-866D8244C1D5}"
EndProject
Project("{FAE04EC0-301F-11D3-BF4B-00C04F79EFBC}") = "TienLen.Infrastructure", "TienLen.Infrastructure.csproj", "{F991B28D-5904-4421-8658-6A07D0EB5F2A}"
EndProject
Project("{FAE04EC0-301F-11D3-BF4B-00C04F79EFBC}") = "TienLen.Domain", "TienLen.Domain.csproj", "{9FD81D18-FAB4-4B92-B895-DA5DDC0C9A90}"
EndProject
Project("{FAE04EC0-301F-11D3-BF4B-00C04F79EFBC}") = "TienLen.Application", "TienLen.Application.csproj", "{9C7A56BD-50CD-4689-9447-22E12B1F5F17}"
EndProject
Project("{FAE04EC0-301F-11D3-BF4B-00C04F79EFBC}") = "Unity.TextMeshPro", "Unity.TextMeshPro.csproj", "{6705FAD5-6517-49F3-96BF-56D46A6004CF}"
EndProject
Project("{FAE04EC0-301F-11D3-BF4B-00C04F79EFBC}") = "TienLen.Proto", "TienLen.Proto.csproj", "{2BA686EE-E1BC-49D9-8DA5-A02103B194F7}"
EndProject
Project("{FAE04EC0-301F-11D3-BF4B-00C04F79EFBC}") = "Unity.RenderPipeline.Universal.ShaderLibrary", "Unity.RenderPipeline.Universal.ShaderLibrary.csproj", "{A60499C5-B3B5-4BD7-8B7D-21690803F9D1}"
EndProject
Project("{FAE04EC0-301F-11D3-BF4B-00C04F79EFBC}") = "Unity.RenderPipelines.Core.Runtime", "Unity.RenderPipelines.Core.Runtime.csproj", "{EB5E6F08-F421-43C4-985B-8398E9B69E13}"
EndProject
Project("{FAE04EC0-301F-11D3-BF4B-00C04F79EFBC}") = "Unity.RenderPipelines.Universal.Shaders", "Unity.RenderPipelines.Universal.Shaders.csproj", "{E75C8AA1-E75C-4A84-A1B8-BE1914059180}"
EndProject
Project("{FAE04EC0-301F-11D3-BF4B-00C04F79EFBC}") = "Unity.RenderPipelines.Core.Runtime.Shared", "Unity.RenderPipelines.Core.Runtime.Shared.csproj", "{E8EC6C5F-C705-4B64-9926-BE4470309413}"
EndProject
Project("{FAE04EC0-301F-11D3-BF4B-00C04F79EFBC}") = "Unity.Timeline.Editor", "Unity.Timeline.Editor.csproj", "{E21F16CD-5944-4E65-B920-DFDF1CC90B9E}"
EndProject
Project("{FAE04EC0-301F-11D3-BF4B-00C04F79EFBC}") = "Unity.Timeline", "Unity.Timeline.csproj", "{B91D2E79-F336-43A8-A5C6-09D8A83B88D7}"
EndProject
Project("{FAE04EC0-301F-11D3-BF4B-00C04F79EFBC}") = "UniTask.TextMeshPro", "UniTask.TextMeshPro.csproj", "{358363BE-F80D-427F-AFF8-01501EDEDE4A}"
EndProject
Project("{FAE04EC0-301F-11D3-BF4B-00C04F79EFBC}") = "Unity.RenderPipelines.Core.Editor.Shared", "Unity.RenderPipelines.Core.Editor.Shared.csproj", "{36BB3EAD-A342-44A2-A66F-D662438FEBA9}"
EndProject
Project("{FAE04EC0-301F-11D3-BF4B-00C04F79EFBC}") = "Unity.RenderPipelines.Core.Editor", "Unity.RenderPipelines.Core.Editor.csproj", "{A94ABAC7-4E34-45A7-97A3-C74DD4F4908E}"
EndProject
Project("{FAE04EC0-301F-11D3-BF4B-00C04F79EFBC}") = "Unity.RenderPipelines.GPUDriven.Runtime", "Unity.RenderPipelines.GPUDriven.Runtime.csproj", "{9C614BDF-0170-425F-9FCD-50BA5D0CB489}"
EndProject
Project("{FAE04EC0-301F-11D3-BF4B-00C04F79EFBC}") = "Unity.Rendering.LightTransport.Runtime", "Unity.Rendering.LightTransport.Runtime.csproj", "{3E603A53-A216-4842-9F4C-760ECD37EDE5}"
EndProject
Project("{FAE04EC0-301F-11D3-BF4B-00C04F79EFBC}") = "NakamaEditor", "NakamaEditor.csproj", "{94225B3B-AB8C-4FAB-ADEE-40B699F56F7C}"
EndProject
Project("{FAE04EC0-301F-11D3-BF4B-00C04F79EFBC}") = "Unity.ShaderGraph.Editor", "Unity.ShaderGraph.Editor.csproj", "{A185633C-21F6-4866-8015-B8E65FAC0077}"
EndProject
Project("{FAE04EC0-301F-11D3-BF4B-00C04F79EFBC}") = "Unity.ShaderGraph.Utilities", "Unity.ShaderGraph.Utilities.csproj", "{1E49B92B-7472-4819-A54E-45B4D1717E5C}"
EndProject
Project("{FAE04EC0-301F-11D3-BF4B-00C04F79EFBC}") = "Unity.RenderPipelines.Core.ShaderLibrary", "Unity.RenderPipelines.Core.ShaderLibrary.csproj", "{585B5317-019A-4365-BB30-B17F43D21615}"
EndProject
Project("{FAE04EC0-301F-11D3-BF4B-00C04F79EFBC}") = "Unity.PlasticSCM.Editor", "Unity.PlasticSCM.Editor.csproj", "{1A2F3900-9465-4CA4-86FB-AEB01BB53341}"
EndProject
Project("{FAE04EC0-301F-11D3-BF4B-00C04F79EFBC}") = "Unity.Multiplayer.Center.Editor", "Unity.Multiplayer.Center.Editor.csproj", "{7B8B13CA-CC96-4F65-A447-2CAF45676291}"
EndProject
Project("{FAE04EC0-301F-11D3-BF4B-00C04F79EFBC}") = "Unity.Multiplayer.Center.Common", "Unity.Multiplayer.Center.Common.csproj", "{DB9DB7DB-7A91-454D-8842-FB6FF434070A}"
EndProject
Project("{FAE04EC0-301F-11D3-BF4B-00C04F79EFBC}") = "UniTask.Linq", "UniTask.Linq.csproj", "{2E9F3DA5-F526-4F65-8F72-DEDBEAA8FE81}"
EndProject
Project("{FAE04EC0-301F-11D3-BF4B-00C04F79EFBC}") = "TienLen.Presentation", "TienLen.Presentation.csproj", "{C11704DC-1E83-4121-8C76-49F0A1A1404B}"
EndProject
Project("{FAE04EC0-301F-11D3-BF4B-00C04F79EFBC}") = "Unity.Mathematics.Editor", "Unity.Mathematics.Editor.csproj", "{362F24A9-247C-4F03-909B-6DF4E3669618}"
EndProject
Project("{FAE04EC0-301F-11D3-BF4B-00C04F79EFBC}") = "PPv2URPConverters", "PPv2URPConverters.csproj", "{71CF388A-603A-44D0-87A4-2B3CB740304F}"
EndProject
Project("{FAE04EC0-301F-11D3-BF4B-00C04F79EFBC}") = "Unity.RenderPipelines.Universal.Editor", "Unity.RenderPipelines.Universal.Editor.csproj", "{A484158C-1F67-472A-83BF-084CD715540E}"
EndProject
Project("{FAE04EC0-301F-11D3-BF4B-00C04F79EFBC}") = "Unity.RenderPipelines.Universal.Runtime", "Unity.RenderPipelines.Universal.Runtime.csproj", "{B39DEC34-7F81-4B21-89B3-E2CB38E2E020}"
EndProject
Project("{FAE04EC0-301F-11D3-BF4B-00C04F79EFBC}") = "Unity.RenderPipelines.Universal.Config.Runtime", "Unity.RenderPipelines.Universal.Config.Runtime.csproj", "{FBB996B6-8742-47BA-A6F2-D87B343F487F}"
EndProject
Project("{FAE04EC0-301F-11D3-BF4B-00C04F79EFBC}") = "Unity.Burst.Editor", "Unity.Burst.Editor.csproj", "{985C5FFB-0E39-41DD-BD6E-A95CE34254FC}"
EndProject
Project("{FAE04EC0-301F-11D3-BF4B-00C04F79EFBC}") = "Unity.RenderPipelines.Universal.2D.Runtime", "Unity.RenderPipelines.Universal.2D.Runtime.csproj", "{DB77ED46-51F1-48F9-AA32-7DBE964EB9A9}"
EndProject
Project("{FAE04EC0-301F-11D3-BF4B-00C04F79EFBC}") = "Unity.Rendering.LightTransport.Editor", "Unity.Rendering.LightTransport.Editor.csproj", "{04CC1DFC-3814-4235-AE0A-ABAB83085A92}"
EndProject
Project("{FAE04EC0-301F-11D3-BF4B-00C04F79EFBC}") = "UniTask.DOTween", "UniTask.DOTween.csproj", "{50E2171D-DC70-4B28-834F-D3C113A2CA8A}"
EndProject
Project("{FAE04EC0-301F-11D3-BF4B-00C04F79EFBC}") = "Unity.VisualScripting.Core", "Unity.VisualScripting.Core.csproj", "{A04AA5EE-5DA7-4D4B-BB7C-36BC0BF0A406}"
EndProject
Project("{FAE04EC0-301F-11D3-BF4B-00C04F79EFBC}") = "Unity.Collections.Editor", "Unity.Collections.Editor.csproj", "{6193BD09-98F4-45F9-957E-7585B8C1C168}"
EndProject
Project("{FAE04EC0-301F-11D3-BF4B-00C04F79EFBC}") = "Unity.RenderPipelines.ShaderGraph.ShaderGraphLibrary", "Unity.RenderPipelines.ShaderGraph.ShaderGraphLibrary.csproj", "{EF6C3807-D2DC-4E2B-9B16-2B92F4B559B8}"
EndProject
Project("{FAE04EC0-301F-11D3-BF4B-00C04F79EFBC}") = "Unity.VisualScripting.Shared.Editor", "Unity.VisualScripting.Shared.Editor.csproj", "{93964930-338C-4A4A-B863-340EB675D0CA}"
EndProject
Project("{FAE04EC0-301F-11D3-BF4B-00C04F79EFBC}") = "Unity.VisualScripting.Core.Editor", "Unity.VisualScripting.Core.Editor.csproj", "{CBAB1904-C7C8-4BEF-906F-8CF25394C0AF}"
EndProject
Project("{FAE04EC0-301F-11D3-BF4B-00C04F79EFBC}") = "Unity.VisualScripting.Flow.Editor", "Unity.VisualScripting.Flow.Editor.csproj", "{78E8AB12-2364-4527-99CC-572D9BC7310D}"
EndProject
Project("{FAE04EC0-301F-11D3-BF4B-00C04F79EFBC}") = "Unity.VisualScripting.Flow", "Unity.VisualScripting.Flow.csproj", "{8D8196A8-105C-4239-A225-5E76D3DF7229}"
EndProject
Project("{FAE04EC0-301F-11D3-BF4B-00C04F79EFBC}") = "Unity.VisualScripting.State.Editor", "Unity.VisualScripting.State.Editor.csproj", "{DB36B583-E0C1-4CBF-B587-5B6D0D3485E3}"
EndProject
Project("{FAE04EC0-301F-11D3-BF4B-00C04F79EFBC}") = "Unity.VisualScripting.State", "Unity.VisualScripting.State.csproj", "{95D83629-9E6A-42B6-BAB4-D75453C3FFBC}"
EndProject
Project("{FAE04EC0-301F-11D3-BF4B-00C04F79EFBC}") = "Unity.AI.Navigation.Updater", "Unity.AI.Navigation.Updater.csproj", "{36F6B462-540A-4EEB-BFB1-21C17F9F7487}"
EndProject
Project("{FAE04EC0-301F-11D3-BF4B-00C04F79EFBC}") = "Unity.AI.Navigation.Editor", "Unity.AI.Navigation.Editor.csproj", "{2D40F751-1B31-46F5-9007-66EF03AEA3B6}"
EndProject
Project("{FAE04EC0-301F-11D3-BF4B-00C04F79EFBC}") = "Unity.AI.Navigation.Editor.ConversionSystem", "Unity.AI.Navigation.Editor.ConversionSystem.csproj", "{6678E42F-36AA-451F-98AC-B861D15D996F}"
EndProject
Project("{FAE04EC0-301F-11D3-BF4B-00C04F79EFBC}") = "TienLen.Global", "TienLen.Global.csproj", "{11ECEBDD-EEF5-4F58-BC16-61DAFDEEB6AE}"
EndProject
Project("{FAE04EC0-301F-11D3-BF4B-00C04F79EFBC}") = "Unity.VisualScripting.SettingsProvider.Editor", "Unity.VisualScripting.SettingsProvider.Editor.csproj", "{2D834B31-7393-4CB9-B7AB-7F5C69D1F5BA}"
EndProject
Project("{FAE04EC0-301F-11D3-BF4B-00C04F79EFBC}") = "VContainer.Editor", "VContainer.Editor.csproj", "{1FCD6A18-AF4B-48BC-9055-E1DA1CE010B5}"
EndProject
Project("{FAE04EC0-301F-11D3-BF4B-00C04F79EFBC}") = "Unity.2D.Sprite.Editor", "Unity.2D.Sprite.Editor.csproj", "{9016B61B-D13F-48D0-9E17-CD2C76037BC0}"
EndProject
Project("{FAE04EC0-301F-11D3-BF4B-00C04F79EFBC}") = "UniTask.Addressables", "UniTask.Addressables.csproj", "{54753BC7-B588-490F-9C6C-E5EC4C99C506}"
EndProject
Project("{FAE04EC0-301F-11D3-BF4B-00C04F79EFBC}") = "Unity.TextMeshPro.Editor", "Unity.TextMeshPro.Editor.csproj", "{643C2737-022C-4852-A3B0-10C8C659392F}"
EndProject
Project("{FAE04EC0-301F-11D3-BF4B-00C04F79EFBC}") = "Unity.VisualStudio.Editor", "Unity.VisualStudio.Editor.csproj", "{6D056488-32CE-463E-9103-A4C3ED400BBA}"
EndProject
Project("{FAE04EC0-301F-11D3-BF4B-00C04F79EFBC}") = "UniTask.Editor", "UniTask.Editor.csproj", "{611EEF19-1E26-4F03-A39A-FAAD11B17F0C}"
EndProject
Project("{FAE04EC0-301F-11D3-BF4B-00C04F79EFBC}") = "Unity.Burst.CodeGen", "Unity.Burst.CodeGen.csproj", "{9952390D-BABD-4A70-8280-CDDB82A4F1C7}"
EndProject
Project("{FAE04EC0-301F-11D3-BF4B-00C04F79EFBC}") = "Unity.CollabProxy.Editor", "Unity.CollabProxy.Editor.csproj", "{1D81381E-4071-4668-9D22-DF075FCF96BF}"
EndProject
Project("{FAE04EC0-301F-11D3-BF4B-00C04F79EFBC}") = "Unity.Collections.CodeGen", "Unity.Collections.CodeGen.csproj", "{BF97C914-3943-4BA0-A059-E574B23751C0}"
EndProject
Project("{FAE04EC0-301F-11D3-BF4B-00C04F79EFBC}") = "Unity.InputSystem.DocCodeSamples", "Unity.InputSystem.DocCodeSamples.csproj", "{FA2236C4-290F-4CAF-B812-997DB5AC9770}"
EndProject
Project("{FAE04EC0-301F-11D3-BF4B-00C04F79EFBC}") = "Unity.InputSystem.TestFramework", "Unity.InputSystem.TestFramework.csproj", "{73FD7B5C-BECE-4394-979D-D3FE9CCB04CA}"
EndProject
Project("{FAE04EC0-301F-11D3-BF4B-00C04F79EFBC}") = "Unity.PerformanceTesting", "Unity.PerformanceTesting.csproj", "{42E0ABC0-B720-4BA2-B517-00FB7D446074}"
EndProject
Project("{FAE04EC0-301F-11D3-BF4B-00C04F79EFBC}") = "Unity.PerformanceTesting.Editor", "Unity.PerformanceTesting.Editor.csproj", "{8F0A251D-7FBE-4A62-9541-C0A7BB7B440E}"
EndProject
Project("{FAE04EC0-301F-11D3-BF4B-00C04F79EFBC}") = "Unity.PlasticSCM.Editor.Entities", "Unity.PlasticSCM.Editor.Entities.csproj", "{A9B8A01E-1DFB-4712-BADC-BB75F00BAC3F}"
EndProject
Global
	GlobalSection(SolutionConfigurationPlatforms) = preSolution
		Debug|Any CPU = Debug|Any CPU
		Debug|x64 = Debug|x64
		Debug|x86 = Debug|x86
		Release|Any CPU = Release|Any CPU
		Release|x64 = Release|x64
		Release|x86 = Release|x86
	EndGlobalSection
	GlobalSection(ProjectConfigurationPlatforms) = postSolution
		{45F04328-74EF-4B69-B10B-8393D6DE86EC}.Debug|Any CPU.ActiveCfg = Debug|Any CPU
		{45F04328-74EF-4B69-B10B-8393D6DE86EC}.Debug|Any CPU.Build.0 = Debug|Any CPU
		{45F04328-74EF-4B69-B10B-8393D6DE86EC}.Debug|x64.ActiveCfg = Debug|Any CPU
		{45F04328-74EF-4B69-B10B-8393D6DE86EC}.Debug|x64.Build.0 = Debug|Any CPU
		{45F04328-74EF-4B69-B10B-8393D6DE86EC}.Debug|x86.ActiveCfg = Debug|Any CPU
		{45F04328-74EF-4B69-B10B-8393D6DE86EC}.Debug|x86.Build.0 = Debug|Any CPU
		{45F04328-74EF-4B69-B10B-8393D6DE86EC}.Release|Any CPU.ActiveCfg = Release|Any CPU
		{45F04328-74EF-4B69-B10B-8393D6DE86EC}.Release|Any CPU.Build.0 = Release|Any CPU
		{45F04328-74EF-4B69-B10B-8393D6DE86EC}.Release|x64.ActiveCfg = Release|Any CPU
		{45F04328-74EF-4B69-B10B-8393D6DE86EC}.Release|x64.Build.0 = Release|Any CPU
		{45F04328-74EF-4B69-B10B-8393D6DE86EC}.Release|x86.ActiveCfg = Release|Any CPU
		{45F04328-74EF-4B69-B10B-8393D6DE86EC}.Release|x86.Build.0 = Release|Any CPU
		{62D4F9D8-FD02-45FE-9201-4371F24F59F7}.Debug|Any CPU.ActiveCfg = Debug|Any CPU
		{62D4F9D8-FD02-45FE-9201-4371F24F59F7}.Debug|Any CPU.Build.0 = Debug|Any CPU
		{62D4F9D8-FD02-45FE-9201-4371F24F59F7}.Debug|x64.ActiveCfg = Debug|Any CPU
		{62D4F9D8-FD02-45FE-9201-4371F24F59F7}.Debug|x64.Build.0 = Debug|Any CPU
		{62D4F9D8-FD02-45FE-9201-4371F24F59F7}.Debug|x86.ActiveCfg = Debug|Any CPU
		{62D4F9D8-FD02-45FE-9201-4371F24F59F7}.Debug|x86.Build.0 = Debug|Any CPU
		{62D4F9D8-FD02-45FE-9201-4371F24F59F7}.Release|Any CPU.ActiveCfg = Release|Any CPU
		{62D4F9D8-FD02-45FE-9201-4371F24F59F7}.Release|Any CPU.Build.0 = Release|Any CPU
		{62D4F9D8-FD02-45FE-9201-4371F24F59F7}.Release|x64.ActiveCfg = Release|Any CPU
		{62D4F9D8-FD02-45FE-9201-4371F24F59F7}.Release|x64.Build.0 = Release|Any CPU
		{62D4F9D8-FD02-45FE-9201-4371F24F59F7}.Release|x86.ActiveCfg = Release|Any CPU
		{62D4F9D8-FD02-45FE-9201-4371F24F59F7}.Release|x86.Build.0 = Release|Any CPU
		{66543DEE-7BBE-4F40-BD93-30ACF0AC9C08}.Debug|Any CPU.ActiveCfg = Debug|Any CPU
		{66543DEE-7BBE-4F40-BD93-30ACF0AC9C08}.Debug|Any CPU.Build.0 = Debug|Any CPU
		{66543DEE-7BBE-4F40-BD93-30ACF0AC9C08}.Debug|x64.ActiveCfg = Debug|Any CPU
		{66543DEE-7BBE-4F40-BD93-30ACF0AC9C08}.Debug|x64.Build.0 = Debug|Any CPU
		{66543DEE-7BBE-4F40-BD93-30ACF0AC9C08}.Debug|x86.ActiveCfg = Debug|Any CPU
		{66543DEE-7BBE-4F40-BD93-30ACF0AC9C08}.Debug|x86.Build.0 = Debug|Any CPU
		{66543DEE-7BBE-4F40-BD93-30ACF0AC9C08}.Release|Any CPU.ActiveCfg = Release|Any CPU
		{66543DEE-7BBE-4F40-BD93-30ACF0AC9C08}.Release|Any CPU.Build.0 = Release|Any CPU
		{66543DEE-7BBE-4F40-BD93-30ACF0AC9C08}.Release|x64.ActiveCfg = Release|Any CPU
		{66543DEE-7BBE-4F40-BD93-30ACF0AC9C08}.Release|x64.Build.0 = Release|Any CPU
		{66543DEE-7BBE-4F40-BD93-30ACF0AC9C08}.Release|x86.ActiveCfg = Release|Any CPU
		{66543DEE-7BBE-4F40-BD93-30ACF0AC9C08}.Release|x86.Build.0 = Release|Any CPU
		{209DA70D-ED6C-4093-A0BD-95B2A5EB212B}.Debug|Any CPU.ActiveCfg = Debug|Any CPU
		{209DA70D-ED6C-4093-A0BD-95B2A5EB212B}.Debug|Any CPU.Build.0 = Debug|Any CPU
		{209DA70D-ED6C-4093-A0BD-95B2A5EB212B}.Debug|x64.ActiveCfg = Debug|Any CPU
		{209DA70D-ED6C-4093-A0BD-95B2A5EB212B}.Debug|x64.Build.0 = Debug|Any CPU
		{209DA70D-ED6C-4093-A0BD-95B2A5EB212B}.Debug|x86.ActiveCfg = Debug|Any CPU
		{209DA70D-ED6C-4093-A0BD-95B2A5EB212B}.Debug|x86.Build.0 = Debug|Any CPU
		{209DA70D-ED6C-4093-A0BD-95B2A5EB212B}.Release|Any CPU.ActiveCfg = Release|Any CPU
		{209DA70D-ED6C-4093-A0BD-95B2A5EB212B}.Release|Any CPU.Build.0 = Release|Any CPU
		{209DA70D-ED6C-4093-A0BD-95B2A5EB212B}.Release|x64.ActiveCfg = Release|Any CPU
		{209DA70D-ED6C-4093-A0BD-95B2A5EB212B}.Release|x64.Build.0 = Release|Any CPU
		{209DA70D-ED6C-4093-A0BD-95B2A5EB212B}.Release|x86.ActiveCfg = Release|Any CPU
		{209DA70D-ED6C-4093-A0BD-95B2A5EB212B}.Release|x86.Build.0 = Release|Any CPU
		{0D6B4174-9447-4393-8ACC-2EC6B9A1CCEA}.Debug|Any CPU.ActiveCfg = Debug|Any CPU
		{0D6B4174-9447-4393-8ACC-2EC6B9A1CCEA}.Debug|Any CPU.Build.0 = Debug|Any CPU
		{0D6B4174-9447-4393-8ACC-2EC6B9A1CCEA}.Debug|x64.ActiveCfg = Debug|Any CPU
		{0D6B4174-9447-4393-8ACC-2EC6B9A1CCEA}.Debug|x64.Build.0 = Debug|Any CPU
		{0D6B4174-9447-4393-8ACC-2EC6B9A1CCEA}.Debug|x86.ActiveCfg = Debug|Any CPU
		{0D6B4174-9447-4393-8ACC-2EC6B9A1CCEA}.Debug|x86.Build.0 = Debug|Any CPU
		{0D6B4174-9447-4393-8ACC-2EC6B9A1CCEA}.Release|Any CPU.ActiveCfg = Release|Any CPU
		{0D6B4174-9447-4393-8ACC-2EC6B9A1CCEA}.Release|Any CPU.Build.0 = Release|Any CPU
		{0D6B4174-9447-4393-8ACC-2EC6B9A1CCEA}.Release|x64.ActiveCfg = Release|Any CPU
		{0D6B4174-9447-4393-8ACC-2EC6B9A1CCEA}.Release|x64.Build.0 = Release|Any CPU
		{0D6B4174-9447-4393-8ACC-2EC6B9A1CCEA}.Release|x86.ActiveCfg = Release|Any CPU
		{0D6B4174-9447-4393-8ACC-2EC6B9A1CCEA}.Release|x86.Build.0 = Release|Any CPU
		{11505543-24A6-4A9E-A502-6FFE9C92BDD1}.Debug|Any CPU.ActiveCfg = Debug|Any CPU
		{11505543-24A6-4A9E-A502-6FFE9C92BDD1}.Debug|Any CPU.Build.0 = Debug|Any CPU
		{11505543-24A6-4A9E-A502-6FFE9C92BDD1}.Debug|x64.ActiveCfg = Debug|Any CPU
		{11505543-24A6-4A9E-A502-6FFE9C92BDD1}.Debug|x64.Build.0 = Debug|Any CPU
		{11505543-24A6-4A9E-A502-6FFE9C92BDD1}.Debug|x86.ActiveCfg = Debug|Any CPU
		{11505543-24A6-4A9E-A502-6FFE9C92BDD1}.Debug|x86.Build.0 = Debug|Any CPU
		{11505543-24A6-4A9E-A502-6FFE9C92BDD1}.Release|Any CPU.ActiveCfg = Release|Any CPU
		{11505543-24A6-4A9E-A502-6FFE9C92BDD1}.Release|Any CPU.Build.0 = Release|Any CPU
		{11505543-24A6-4A9E-A502-6FFE9C92BDD1}.Release|x64.ActiveCfg = Release|Any CPU
		{11505543-24A6-4A9E-A502-6FFE9C92BDD1}.Release|x64.Build.0 = Release|Any CPU
		{11505543-24A6-4A9E-A502-6FFE9C92BDD1}.Release|x86.ActiveCfg = Release|Any CPU
		{11505543-24A6-4A9E-A502-6FFE9C92BDD1}.Release|x86.Build.0 = Release|Any CPU
		{95E037F5-ADB8-4FCA-8E7D-F2BB2E738DC8}.Debug|Any CPU.ActiveCfg = Debug|Any CPU
		{95E037F5-ADB8-4FCA-8E7D-F2BB2E738DC8}.Debug|Any CPU.Build.0 = Debug|Any CPU
		{95E037F5-ADB8-4FCA-8E7D-F2BB2E738DC8}.Debug|x64.ActiveCfg = Debug|Any CPU
		{95E037F5-ADB8-4FCA-8E7D-F2BB2E738DC8}.Debug|x64.Build.0 = Debug|Any CPU
		{95E037F5-ADB8-4FCA-8E7D-F2BB2E738DC8}.Debug|x86.ActiveCfg = Debug|Any CPU
		{95E037F5-ADB8-4FCA-8E7D-F2BB2E738DC8}.Debug|x86.Build.0 = Debug|Any CPU
		{95E037F5-ADB8-4FCA-8E7D-F2BB2E738DC8}.Release|Any CPU.ActiveCfg = Release|Any CPU
		{95E037F5-ADB8-4FCA-8E7D-F2BB2E738DC8}.Release|Any CPU.Build.0 = Release|Any CPU
		{95E037F5-ADB8-4FCA-8E7D-F2BB2E738DC8}.Release|x64.ActiveCfg = Release|Any CPU
		{95E037F5-ADB8-4FCA-8E7D-F2BB2E738DC8}.Release|x64.Build.0 = Release|Any CPU
		{95E037F5-ADB8-4FCA-8E7D-F2BB2E738DC8}.Release|x86.ActiveCfg = Release|Any CPU
		{95E037F5-ADB8-4FCA-8E7D-F2BB2E738DC8}.Release|x86.Build.0 = Release|Any CPU
		{91695112-AD42-4BC2-B6A9-957C2EC67445}.Debug|Any CPU.ActiveCfg = Debug|Any CPU
		{91695112-AD42-4BC2-B6A9-957C2EC67445}.Debug|Any CPU.Build.0 = Debug|Any CPU
		{91695112-AD42-4BC2-B6A9-957C2EC67445}.Debug|x64.ActiveCfg = Debug|Any CPU
		{91695112-AD42-4BC2-B6A9-957C2EC67445}.Debug|x64.Build.0 = Debug|Any CPU
		{91695112-AD42-4BC2-B6A9-957C2EC67445}.Debug|x86.ActiveCfg = Debug|Any CPU
		{91695112-AD42-4BC2-B6A9-957C2EC67445}.Debug|x86.Build.0 = Debug|Any CPU
		{91695112-AD42-4BC2-B6A9-957C2EC67445}.Release|Any CPU.ActiveCfg = Release|Any CPU
		{91695112-AD42-4BC2-B6A9-957C2EC67445}.Release|Any CPU.Build.0 = Release|Any CPU
		{91695112-AD42-4BC2-B6A9-957C2EC67445}.Release|x64.ActiveCfg = Release|Any CPU
		{91695112-AD42-4BC2-B6A9-957C2EC67445}.Release|x64.Build.0 = Release|Any CPU
		{91695112-AD42-4BC2-B6A9-957C2EC67445}.Release|x86.ActiveCfg = Release|Any CPU
		{91695112-AD42-4BC2-B6A9-957C2EC67445}.Release|x86.Build.0 = Release|Any CPU
		{739D44D5-31BC-4349-86F0-FDC7D00C0315}.Debug|Any CPU.ActiveCfg = Debug|Any CPU
		{739D44D5-31BC-4349-86F0-FDC7D00C0315}.Debug|Any CPU.Build.0 = Debug|Any CPU
		{739D44D5-31BC-4349-86F0-FDC7D00C0315}.Debug|x64.ActiveCfg = Debug|Any CPU
		{739D44D5-31BC-4349-86F0-FDC7D00C0315}.Debug|x64.Build.0 = Debug|Any CPU
		{739D44D5-31BC-4349-86F0-FDC7D00C0315}.Debug|x86.ActiveCfg = Debug|Any CPU
		{739D44D5-31BC-4349-86F0-FDC7D00C0315}.Debug|x86.Build.0 = Debug|Any CPU
		{739D44D5-31BC-4349-86F0-FDC7D00C0315}.Release|Any CPU.ActiveCfg = Release|Any CPU
		{739D44D5-31BC-4349-86F0-FDC7D00C0315}.Release|Any CPU.Build.0 = Release|Any CPU
		{739D44D5-31BC-4349-86F0-FDC7D00C0315}.Release|x64.ActiveCfg = Release|Any CPU
		{739D44D5-31BC-4349-86F0-FDC7D00C0315}.Release|x64.Build.0 = Release|Any CPU
		{739D44D5-31BC-4349-86F0-FDC7D00C0315}.Release|x86.ActiveCfg = Release|Any CPU
		{739D44D5-31BC-4349-86F0-FDC7D00C0315}.Release|x86.Build.0 = Release|Any CPU
		{E0780015-C244-4AB2-A6F0-8E8DBBE36794}.Debug|Any CPU.ActiveCfg = Debug|Any CPU
		{E0780015-C244-4AB2-A6F0-8E8DBBE36794}.Debug|Any CPU.Build.0 = Debug|Any CPU
		{E0780015-C244-4AB2-A6F0-8E8DBBE36794}.Debug|x64.ActiveCfg = Debug|Any CPU
		{E0780015-C244-4AB2-A6F0-8E8DBBE36794}.Debug|x64.Build.0 = Debug|Any CPU
		{E0780015-C244-4AB2-A6F0-8E8DBBE36794}.Debug|x86.ActiveCfg = Debug|Any CPU
		{E0780015-C244-4AB2-A6F0-8E8DBBE36794}.Debug|x86.Build.0 = Debug|Any CPU
		{E0780015-C244-4AB2-A6F0-8E8DBBE36794}.Release|Any CPU.ActiveCfg = Release|Any CPU
		{E0780015-C244-4AB2-A6F0-8E8DBBE36794}.Release|Any CPU.Build.0 = Release|Any CPU
		{E0780015-C244-4AB2-A6F0-8E8DBBE36794}.Release|x64.ActiveCfg = Release|Any CPU
		{E0780015-C244-4AB2-A6F0-8E8DBBE36794}.Release|x64.Build.0 = Release|Any CPU
		{E0780015-C244-4AB2-A6F0-8E8DBBE36794}.Release|x86.ActiveCfg = Release|Any CPU
		{E0780015-C244-4AB2-A6F0-8E8DBBE36794}.Release|x86.Build.0 = Release|Any CPU
		{FECDE99B-02D2-47DA-92B7-3400A657F664}.Debug|Any CPU.ActiveCfg = Debug|Any CPU
		{FECDE99B-02D2-47DA-92B7-3400A657F664}.Debug|Any CPU.Build.0 = Debug|Any CPU
		{FECDE99B-02D2-47DA-92B7-3400A657F664}.Debug|x64.ActiveCfg = Debug|Any CPU
		{FECDE99B-02D2-47DA-92B7-3400A657F664}.Debug|x64.Build.0 = Debug|Any CPU
		{FECDE99B-02D2-47DA-92B7-3400A657F664}.Debug|x86.ActiveCfg = Debug|Any CPU
		{FECDE99B-02D2-47DA-92B7-3400A657F664}.Debug|x86.Build.0 = Debug|Any CPU
		{FECDE99B-02D2-47DA-92B7-3400A657F664}.Release|Any CPU.ActiveCfg = Release|Any CPU
		{FECDE99B-02D2-47DA-92B7-3400A657F664}.Release|Any CPU.Build.0 = Release|Any CPU
		{FECDE99B-02D2-47DA-92B7-3400A657F664}.Release|x64.ActiveCfg = Release|Any CPU
		{FECDE99B-02D2-47DA-92B7-3400A657F664}.Release|x64.Build.0 = Release|Any CPU
		{FECDE99B-02D2-47DA-92B7-3400A657F664}.Release|x86.ActiveCfg = Release|Any CPU
		{FECDE99B-02D2-47DA-92B7-3400A657F664}.Release|x86.Build.0 = Release|Any CPU
		{EB3FC62E-4A27-4D70-B860-1EEE9C2C4C8A}.Debug|Any CPU.ActiveCfg = Debug|Any CPU
		{EB3FC62E-4A27-4D70-B860-1EEE9C2C4C8A}.Debug|Any CPU.Build.0 = Debug|Any CPU
		{EB3FC62E-4A27-4D70-B860-1EEE9C2C4C8A}.Debug|x64.ActiveCfg = Debug|Any CPU
		{EB3FC62E-4A27-4D70-B860-1EEE9C2C4C8A}.Debug|x64.Build.0 = Debug|Any CPU
		{EB3FC62E-4A27-4D70-B860-1EEE9C2C4C8A}.Debug|x86.ActiveCfg = Debug|Any CPU
		{EB3FC62E-4A27-4D70-B860-1EEE9C2C4C8A}.Debug|x86.Build.0 = Debug|Any CPU
		{EB3FC62E-4A27-4D70-B860-1EEE9C2C4C8A}.Release|Any CPU.ActiveCfg = Release|Any CPU
		{EB3FC62E-4A27-4D70-B860-1EEE9C2C4C8A}.Release|Any CPU.Build.0 = Release|Any CPU
		{EB3FC62E-4A27-4D70-B860-1EEE9C2C4C8A}.Release|x64.ActiveCfg = Release|Any CPU
		{EB3FC62E-4A27-4D70-B860-1EEE9C2C4C8A}.Release|x64.Build.0 = Release|Any CPU
		{EB3FC62E-4A27-4D70-B860-1EEE9C2C4C8A}.Release|x86.ActiveCfg = Release|Any CPU
		{EB3FC62E-4A27-4D70-B860-1EEE9C2C4C8A}.Release|x86.Build.0 = Release|Any CPU
		{FECE1771-657D-4237-8B29-1E421F6C14F7}.Debug|Any CPU.ActiveCfg = Debug|Any CPU
		{FECE1771-657D-4237-8B29-1E421F6C14F7}.Debug|Any CPU.Build.0 = Debug|Any CPU
		{FECE1771-657D-4237-8B29-1E421F6C14F7}.Debug|x64.ActiveCfg = Debug|Any CPU
		{FECE1771-657D-4237-8B29-1E421F6C14F7}.Debug|x64.Build.0 = Debug|Any CPU
		{FECE1771-657D-4237-8B29-1E421F6C14F7}.Debug|x86.ActiveCfg = Debug|Any CPU
		{FECE1771-657D-4237-8B29-1E421F6C14F7}.Debug|x86.Build.0 = Debug|Any CPU
		{FECE1771-657D-4237-8B29-1E421F6C14F7}.Release|Any CPU.ActiveCfg = Release|Any CPU
		{FECE1771-657D-4237-8B29-1E421F6C14F7}.Release|Any CPU.Build.0 = Release|Any CPU
		{FECE1771-657D-4237-8B29-1E421F6C14F7}.Release|x64.ActiveCfg = Release|Any CPU
		{FECE1771-657D-4237-8B29-1E421F6C14F7}.Release|x64.Build.0 = Release|Any CPU
		{FECE1771-657D-4237-8B29-1E421F6C14F7}.Release|x86.ActiveCfg = Release|Any CPU
		{FECE1771-657D-4237-8B29-1E421F6C14F7}.Release|x86.Build.0 = Release|Any CPU
		{7DF70094-1B4D-496B-B264-456B697C1251}.Debug|Any CPU.ActiveCfg = Debug|Any CPU
		{7DF70094-1B4D-496B-B264-456B697C1251}.Debug|Any CPU.Build.0 = Debug|Any CPU
		{7DF70094-1B4D-496B-B264-456B697C1251}.Debug|x64.ActiveCfg = Debug|Any CPU
		{7DF70094-1B4D-496B-B264-456B697C1251}.Debug|x64.Build.0 = Debug|Any CPU
		{7DF70094-1B4D-496B-B264-456B697C1251}.Debug|x86.ActiveCfg = Debug|Any CPU
		{7DF70094-1B4D-496B-B264-456B697C1251}.Debug|x86.Build.0 = Debug|Any CPU
		{7DF70094-1B4D-496B-B264-456B697C1251}.Release|Any CPU.ActiveCfg = Release|Any CPU
		{7DF70094-1B4D-496B-B264-456B697C1251}.Release|Any CPU.Build.0 = Release|Any CPU
		{7DF70094-1B4D-496B-B264-456B697C1251}.Release|x64.ActiveCfg = Release|Any CPU
		{7DF70094-1B4D-496B-B264-456B697C1251}.Release|x64.Build.0 = Release|Any CPU
		{7DF70094-1B4D-496B-B264-456B697C1251}.Release|x86.ActiveCfg = Release|Any CPU
		{7DF70094-1B4D-496B-B264-456B697C1251}.Release|x86.Build.0 = Release|Any CPU
		{68E2D2F5-1F57-4992-A15B-FE65B5CC144E}.Debug|Any CPU.ActiveCfg = Debug|Any CPU
		{68E2D2F5-1F57-4992-A15B-FE65B5CC144E}.Debug|Any CPU.Build.0 = Debug|Any CPU
		{68E2D2F5-1F57-4992-A15B-FE65B5CC144E}.Debug|x64.ActiveCfg = Debug|Any CPU
		{68E2D2F5-1F57-4992-A15B-FE65B5CC144E}.Debug|x64.Build.0 = Debug|Any CPU
		{68E2D2F5-1F57-4992-A15B-FE65B5CC144E}.Debug|x86.ActiveCfg = Debug|Any CPU
		{68E2D2F5-1F57-4992-A15B-FE65B5CC144E}.Debug|x86.Build.0 = Debug|Any CPU
		{68E2D2F5-1F57-4992-A15B-FE65B5CC144E}.Release|Any CPU.ActiveCfg = Release|Any CPU
		{68E2D2F5-1F57-4992-A15B-FE65B5CC144E}.Release|Any CPU.Build.0 = Release|Any CPU
		{68E2D2F5-1F57-4992-A15B-FE65B5CC144E}.Release|x64.ActiveCfg = Release|Any CPU
		{68E2D2F5-1F57-4992-A15B-FE65B5CC144E}.Release|x64.Build.0 = Release|Any CPU
		{68E2D2F5-1F57-4992-A15B-FE65B5CC144E}.Release|x86.ActiveCfg = Release|Any CPU
		{68E2D2F5-1F57-4992-A15B-FE65B5CC144E}.Release|x86.Build.0 = Release|Any CPU
		{9ADB277F-C896-4714-9476-03574FFEA3CE}.Debug|Any CPU.ActiveCfg = Debug|Any CPU
		{9ADB277F-C896-4714-9476-03574FFEA3CE}.Debug|Any CPU.Build.0 = Debug|Any CPU
		{9ADB277F-C896-4714-9476-03574FFEA3CE}.Debug|x64.ActiveCfg = Debug|Any CPU
		{9ADB277F-C896-4714-9476-03574FFEA3CE}.Debug|x64.Build.0 = Debug|Any CPU
		{9ADB277F-C896-4714-9476-03574FFEA3CE}.Debug|x86.ActiveCfg = Debug|Any CPU
		{9ADB277F-C896-4714-9476-03574FFEA3CE}.Debug|x86.Build.0 = Debug|Any CPU
		{9ADB277F-C896-4714-9476-03574FFEA3CE}.Release|Any CPU.ActiveCfg = Release|Any CPU
		{9ADB277F-C896-4714-9476-03574FFEA3CE}.Release|Any CPU.Build.0 = Release|Any CPU
		{9ADB277F-C896-4714-9476-03574FFEA3CE}.Release|x64.ActiveCfg = Release|Any CPU
		{9ADB277F-C896-4714-9476-03574FFEA3CE}.Release|x64.Build.0 = Release|Any CPU
		{9ADB277F-C896-4714-9476-03574FFEA3CE}.Release|x86.ActiveCfg = Release|Any CPU
		{9ADB277F-C896-4714-9476-03574FFEA3CE}.Release|x86.Build.0 = Release|Any CPU
		{3A989B74-6B00-4203-BAD9-866D8244C1D5}.Debug|Any CPU.ActiveCfg = Debug|Any CPU
		{3A989B74-6B00-4203-BAD9-866D8244C1D5}.Debug|Any CPU.Build.0 = Debug|Any CPU
		{3A989B74-6B00-4203-BAD9-866D8244C1D5}.Debug|x64.ActiveCfg = Debug|Any CPU
		{3A989B74-6B00-4203-BAD9-866D8244C1D5}.Debug|x64.Build.0 = Debug|Any CPU
		{3A989B74-6B00-4203-BAD9-866D8244C1D5}.Debug|x86.ActiveCfg = Debug|Any CPU
		{3A989B74-6B00-4203-BAD9-866D8244C1D5}.Debug|x86.Build.0 = Debug|Any CPU
		{3A989B74-6B00-4203-BAD9-866D8244C1D5}.Release|Any CPU.ActiveCfg = Release|Any CPU
		{3A989B74-6B00-4203-BAD9-866D8244C1D5}.Release|Any CPU.Build.0 = Release|Any CPU
		{3A989B74-6B00-4203-BAD9-866D8244C1D5}.Release|x64.ActiveCfg = Release|Any CPU
		{3A989B74-6B00-4203-BAD9-866D8244C1D5}.Release|x64.Build.0 = Release|Any CPU
		{3A989B74-6B00-4203-BAD9-866D8244C1D5}.Release|x86.ActiveCfg = Release|Any CPU
		{3A989B74-6B00-4203-BAD9-866D8244C1D5}.Release|x86.Build.0 = Release|Any CPU
		{F991B28D-5904-4421-8658-6A07D0EB5F2A}.Debug|Any CPU.ActiveCfg = Debug|Any CPU
		{F991B28D-5904-4421-8658-6A07D0EB5F2A}.Debug|Any CPU.Build.0 = Debug|Any CPU
		{F991B28D-5904-4421-8658-6A07D0EB5F2A}.Debug|x64.ActiveCfg = Debug|Any CPU
		{F991B28D-5904-4421-8658-6A07D0EB5F2A}.Debug|x64.Build.0 = Debug|Any CPU
		{F991B28D-5904-4421-8658-6A07D0EB5F2A}.Debug|x86.ActiveCfg = Debug|Any CPU
		{F991B28D-5904-4421-8658-6A07D0EB5F2A}.Debug|x86.Build.0 = Debug|Any CPU
		{F991B28D-5904-4421-8658-6A07D0EB5F2A}.Release|Any CPU.ActiveCfg = Release|Any CPU
		{F991B28D-5904-4421-8658-6A07D0EB5F2A}.Release|Any CPU.Build.0 = Release|Any CPU
		{F991B28D-5904-4421-8658-6A07D0EB5F2A}.Release|x64.ActiveCfg = Release|Any CPU
		{F991B28D-5904-4421-8658-6A07D0EB5F2A}.Release|x64.Build.0 = Release|Any CPU
		{F991B28D-5904-4421-8658-6A07D0EB5F2A}.Release|x86.ActiveCfg = Release|Any CPU
		{F991B28D-5904-4421-8658-6A07D0EB5F2A}.Release|x86.Build.0 = Release|Any CPU
		{9FD81D18-FAB4-4B92-B895-DA5DDC0C9A90}.Debug|Any CPU.ActiveCfg = Debug|Any CPU
		{9FD81D18-FAB4-4B92-B895-DA5DDC0C9A90}.Debug|Any CPU.Build.0 = Debug|Any CPU
		{9FD81D18-FAB4-4B92-B895-DA5DDC0C9A90}.Debug|x64.ActiveCfg = Debug|Any CPU
		{9FD81D18-FAB4-4B92-B895-DA5DDC0C9A90}.Debug|x64.Build.0 = Debug|Any CPU
		{9FD81D18-FAB4-4B92-B895-DA5DDC0C9A90}.Debug|x86.ActiveCfg = Debug|Any CPU
		{9FD81D18-FAB4-4B92-B895-DA5DDC0C9A90}.Debug|x86.Build.0 = Debug|Any CPU
		{9FD81D18-FAB4-4B92-B895-DA5DDC0C9A90}.Release|Any CPU.ActiveCfg = Release|Any CPU
		{9FD81D18-FAB4-4B92-B895-DA5DDC0C9A90}.Release|Any CPU.Build.0 = Release|Any CPU
		{9FD81D18-FAB4-4B92-B895-DA5DDC0C9A90}.Release|x64.ActiveCfg = Release|Any CPU
		{9FD81D18-FAB4-4B92-B895-DA5DDC0C9A90}.Release|x64.Build.0 = Release|Any CPU
		{9FD81D18-FAB4-4B92-B895-DA5DDC0C9A90}.Release|x86.ActiveCfg = Release|Any CPU
		{9FD81D18-FAB4-4B92-B895-DA5DDC0C9A90}.Release|x86.Build.0 = Release|Any CPU
		{9C7A56BD-50CD-4689-9447-22E12B1F5F17}.Debug|Any CPU.ActiveCfg = Debug|Any CPU
		{9C7A56BD-50CD-4689-9447-22E12B1F5F17}.Debug|Any CPU.Build.0 = Debug|Any CPU
		{9C7A56BD-50CD-4689-9447-22E12B1F5F17}.Debug|x64.ActiveCfg = Debug|Any CPU
		{9C7A56BD-50CD-4689-9447-22E12B1F5F17}.Debug|x64.Build.0 = Debug|Any CPU
		{9C7A56BD-50CD-4689-9447-22E12B1F5F17}.Debug|x86.ActiveCfg = Debug|Any CPU
		{9C7A56BD-50CD-4689-9447-22E12B1F5F17}.Debug|x86.Build.0 = Debug|Any CPU
		{9C7A56BD-50CD-4689-9447-22E12B1F5F17}.Release|Any CPU.ActiveCfg = Release|Any CPU
		{9C7A56BD-50CD-4689-9447-22E12B1F5F17}.Release|Any CPU.Build.0 = Release|Any CPU
		{9C7A56BD-50CD-4689-9447-22E12B1F5F17}.Release|x64.ActiveCfg = Release|Any CPU
		{9C7A56BD-50CD-4689-9447-22E12B1F5F17}.Release|x64.Build.0 = Release|Any CPU
		{9C7A56BD-50CD-4689-9447-22E12B1F5F17}.Release|x86.ActiveCfg = Release|Any CPU
		{9C7A56BD-50CD-4689-9447-22E12B1F5F17}.Release|x86.Build.0 = Release|Any CPU
		{6705FAD5-6517-49F3-96BF-56D46A6004CF}.Debug|Any CPU.ActiveCfg = Debug|Any CPU
		{6705FAD5-6517-49F3-96BF-56D46A6004CF}.Debug|Any CPU.Build.0 = Debug|Any CPU
		{6705FAD5-6517-49F3-96BF-56D46A6004CF}.Debug|x64.ActiveCfg = Debug|Any CPU
		{6705FAD5-6517-49F3-96BF-56D46A6004CF}.Debug|x64.Build.0 = Debug|Any CPU
		{6705FAD5-6517-49F3-96BF-56D46A6004CF}.Debug|x86.ActiveCfg = Debug|Any CPU
		{6705FAD5-6517-49F3-96BF-56D46A6004CF}.Debug|x86.Build.0 = Debug|Any CPU
		{6705FAD5-6517-49F3-96BF-56D46A6004CF}.Release|Any CPU.ActiveCfg = Release|Any CPU
		{6705FAD5-6517-49F3-96BF-56D46A6004CF}.Release|Any CPU.Build.0 = Release|Any CPU
		{6705FAD5-6517-49F3-96BF-56D46A6004CF}.Release|x64.ActiveCfg = Release|Any CPU
		{6705FAD5-6517-49F3-96BF-56D46A6004CF}.Release|x64.Build.0 = Release|Any CPU
		{6705FAD5-6517-49F3-96BF-56D46A6004CF}.Release|x86.ActiveCfg = Release|Any CPU
		{6705FAD5-6517-49F3-96BF-56D46A6004CF}.Release|x86.Build.0 = Release|Any CPU
		{2BA686EE-E1BC-49D9-8DA5-A02103B194F7}.Debug|Any CPU.ActiveCfg = Debug|Any CPU
		{2BA686EE-E1BC-49D9-8DA5-A02103B194F7}.Debug|Any CPU.Build.0 = Debug|Any CPU
		{2BA686EE-E1BC-49D9-8DA5-A02103B194F7}.Debug|x64.ActiveCfg = Debug|Any CPU
		{2BA686EE-E1BC-49D9-8DA5-A02103B194F7}.Debug|x64.Build.0 = Debug|Any CPU
		{2BA686EE-E1BC-49D9-8DA5-A02103B194F7}.Debug|x86.ActiveCfg = Debug|Any CPU
		{2BA686EE-E1BC-49D9-8DA5-A02103B194F7}.Debug|x86.Build.0 = Debug|Any CPU
		{2BA686EE-E1BC-49D9-8DA5-A02103B194F7}.Release|Any CPU.ActiveCfg = Release|Any CPU
		{2BA686EE-E1BC-49D9-8DA5-A02103B194F7}.Release|Any CPU.Build.0 = Release|Any CPU
		{2BA686EE-E1BC-49D9-8DA5-A02103B194F7}.Release|x64.ActiveCfg = Release|Any CPU
		{2BA686EE-E1BC-49D9-8DA5-A02103B194F7}.Release|x64.Build.0 = Release|Any CPU
		{2BA686EE-E1BC-49D9-8DA5-A02103B194F7}.Release|x86.ActiveCfg = Release|Any CPU
		{2BA686EE-E1BC-49D9-8DA5-A02103B194F7}.Release|x86.Build.0 = Release|Any CPU
		{A60499C5-B3B5-4BD7-8B7D-21690803F9D1}.Debug|Any CPU.ActiveCfg = Debug|Any CPU
		{A60499C5-B3B5-4BD7-8B7D-21690803F9D1}.Debug|Any CPU.Build.0 = Debug|Any CPU
		{A60499C5-B3B5-4BD7-8B7D-21690803F9D1}.Debug|x64.ActiveCfg = Debug|Any CPU
		{A60499C5-B3B5-4BD7-8B7D-21690803F9D1}.Debug|x64.Build.0 = Debug|Any CPU
		{A60499C5-B3B5-4BD7-8B7D-21690803F9D1}.Debug|x86.ActiveCfg = Debug|Any CPU
		{A60499C5-B3B5-4BD7-8B7D-21690803F9D1}.Debug|x86.Build.0 = Debug|Any CPU
		{A60499C5-B3B5-4BD7-8B7D-21690803F9D1}.Release|Any CPU.ActiveCfg = Release|Any CPU
		{A60499C5-B3B5-4BD7-8B7D-21690803F9D1}.Release|Any CPU.Build.0 = Release|Any CPU
		{A60499C5-B3B5-4BD7-8B7D-21690803F9D1}.Release|x64.ActiveCfg = Release|Any CPU
		{A60499C5-B3B5-4BD7-8B7D-21690803F9D1}.Release|x64.Build.0 = Release|Any CPU
		{A60499C5-B3B5-4BD7-8B7D-21690803F9D1}.Release|x86.ActiveCfg = Release|Any CPU
		{A60499C5-B3B5-4BD7-8B7D-21690803F9D1}.Release|x86.Build.0 = Release|Any CPU
		{EB5E6F08-F421-43C4-985B-8398E9B69E13}.Debug|Any CPU.ActiveCfg = Debug|Any CPU
		{EB5E6F08-F421-43C4-985B-8398E9B69E13}.Debug|Any CPU.Build.0 = Debug|Any CPU
		{EB5E6F08-F421-43C4-985B-8398E9B69E13}.Debug|x64.ActiveCfg = Debug|Any CPU
		{EB5E6F08-F421-43C4-985B-8398E9B69E13}.Debug|x64.Build.0 = Debug|Any CPU
		{EB5E6F08-F421-43C4-985B-8398E9B69E13}.Debug|x86.ActiveCfg = Debug|Any CPU
		{EB5E6F08-F421-43C4-985B-8398E9B69E13}.Debug|x86.Build.0 = Debug|Any CPU
		{EB5E6F08-F421-43C4-985B-8398E9B69E13}.Release|Any CPU.ActiveCfg = Release|Any CPU
		{EB5E6F08-F421-43C4-985B-8398E9B69E13}.Release|Any CPU.Build.0 = Release|Any CPU
		{EB5E6F08-F421-43C4-985B-8398E9B69E13}.Release|x64.ActiveCfg = Release|Any CPU
		{EB5E6F08-F421-43C4-985B-8398E9B69E13}.Release|x64.Build.0 = Release|Any CPU
		{EB5E6F08-F421-43C4-985B-8398E9B69E13}.Release|x86.ActiveCfg = Release|Any CPU
		{EB5E6F08-F421-43C4-985B-8398E9B69E13}.Release|x86.Build.0 = Release|Any CPU
		{E75C8AA1-E75C-4A84-A1B8-BE1914059180}.Debug|Any CPU.ActiveCfg = Debug|Any CPU
		{E75C8AA1-E75C-4A84-A1B8-BE1914059180}.Debug|Any CPU.Build.0 = Debug|Any CPU
		{E75C8AA1-E75C-4A84-A1B8-BE1914059180}.Debug|x64.ActiveCfg = Debug|Any CPU
		{E75C8AA1-E75C-4A84-A1B8-BE1914059180}.Debug|x64.Build.0 = Debug|Any CPU
		{E75C8AA1-E75C-4A84-A1B8-BE1914059180}.Debug|x86.ActiveCfg = Debug|Any CPU
		{E75C8AA1-E75C-4A84-A1B8-BE1914059180}.Debug|x86.Build.0 = Debug|Any CPU
		{E75C8AA1-E75C-4A84-A1B8-BE1914059180}.Release|Any CPU.ActiveCfg = Release|Any CPU
		{E75C8AA1-E75C-4A84-A1B8-BE1914059180}.Release|Any CPU.Build.0 = Release|Any CPU
		{E75C8AA1-E75C-4A84-A1B8-BE1914059180}.Release|x64.ActiveCfg = Release|Any CPU
		{E75C8AA1-E75C-4A84-A1B8-BE1914059180}.Release|x64.Build.0 = Release|Any CPU
		{E75C8AA1-E75C-4A84-A1B8-BE1914059180}.Release|x86.ActiveCfg = Release|Any CPU
		{E75C8AA1-E75C-4A84-A1B8-BE1914059180}.Release|x86.Build.0 = Release|Any CPU
		{E8EC6C5F-C705-4B64-9926-BE4470309413}.Debug|Any CPU.ActiveCfg = Debug|Any CPU
		{E8EC6C5F-C705-4B64-9926-BE4470309413}.Debug|Any CPU.Build.0 = Debug|Any CPU
		{E8EC6C5F-C705-4B64-9926-BE4470309413}.Debug|x64.ActiveCfg = Debug|Any CPU
		{E8EC6C5F-C705-4B64-9926-BE4470309413}.Debug|x64.Build.0 = Debug|Any CPU
		{E8EC6C5F-C705-4B64-9926-BE4470309413}.Debug|x86.ActiveCfg = Debug|Any CPU
		{E8EC6C5F-C705-4B64-9926-BE4470309413}.Debug|x86.Build.0 = Debug|Any CPU
		{E8EC6C5F-C705-4B64-9926-BE4470309413}.Release|Any CPU.ActiveCfg = Release|Any CPU
		{E8EC6C5F-C705-4B64-9926-BE4470309413}.Release|Any CPU.Build.0 = Release|Any CPU
		{E8EC6C5F-C705-4B64-9926-BE4470309413}.Release|x64.ActiveCfg = Release|Any CPU
		{E8EC6C5F-C705-4B64-9926-BE4470309413}.Release|x64.Build.0 = Release|Any CPU
		{E8EC6C5F-C705-4B64-9926-BE4470309413}.Release|x86.ActiveCfg = Release|Any CPU
		{E8EC6C5F-C705-4B64-9926-BE4470309413}.Release|x86.Build.0 = Release|Any CPU
		{E21F16CD-5944-4E65-B920-DFDF1CC90B9E}.Debug|Any CPU.ActiveCfg = Debug|Any CPU
		{E21F16CD-5944-4E65-B920-DFDF1CC90B9E}.Debug|Any CPU.Build.0 = Debug|Any CPU
		{E21F16CD-5944-4E65-B920-DFDF1CC90B9E}.Debug|x64.ActiveCfg = Debug|Any CPU
		{E21F16CD-5944-4E65-B920-DFDF1CC90B9E}.Debug|x64.Build.0 = Debug|Any CPU
		{E21F16CD-5944-4E65-B920-DFDF1CC90B9E}.Debug|x86.ActiveCfg = Debug|Any CPU
		{E21F16CD-5944-4E65-B920-DFDF1CC90B9E}.Debug|x86.Build.0 = Debug|Any CPU
		{E21F16CD-5944-4E65-B920-DFDF1CC90B9E}.Release|Any CPU.ActiveCfg = Release|Any CPU
		{E21F16CD-5944-4E65-B920-DFDF1CC90B9E}.Release|Any CPU.Build.0 = Release|Any CPU
		{E21F16CD-5944-4E65-B920-DFDF1CC90B9E}.Release|x64.ActiveCfg = Release|Any CPU
		{E21F16CD-5944-4E65-B920-DFDF1CC90B9E}.Release|x64.Build.0 = Release|Any CPU
		{E21F16CD-5944-4E65-B920-DFDF1CC90B9E}.Release|x86.ActiveCfg = Release|Any CPU
		{E21F16CD-5944-4E65-B920-DFDF1CC90B9E}.Release|x86.Build.0 = Release|Any CPU
		{B91D2E79-F336-43A8-A5C6-09D8A83B88D7}.Debug|Any CPU.ActiveCfg = Debug|Any CPU
		{B91D2E79-F336-43A8-A5C6-09D8A83B88D7}.Debug|Any CPU.Build.0 = Debug|Any CPU
		{B91D2E79-F336-43A8-A5C6-09D8A83B88D7}.Debug|x64.ActiveCfg = Debug|Any CPU
		{B91D2E79-F336-43A8-A5C6-09D8A83B88D7}.Debug|x64.Build.0 = Debug|Any CPU
		{B91D2E79-F336-43A8-A5C6-09D8A83B88D7}.Debug|x86.ActiveCfg = Debug|Any CPU
		{B91D2E79-F336-43A8-A5C6-09D8A83B88D7}.Debug|x86.Build.0 = Debug|Any CPU
		{B91D2E79-F336-43A8-A5C6-09D8A83B88D7}.Release|Any CPU.ActiveCfg = Release|Any CPU
		{B91D2E79-F336-43A8-A5C6-09D8A83B88D7}.Release|Any CPU.Build.0 = Release|Any CPU
		{B91D2E79-F336-43A8-A5C6-09D8A83B88D7}.Release|x64.ActiveCfg = Release|Any CPU
		{B91D2E79-F336-43A8-A5C6-09D8A83B88D7}.Release|x64.Build.0 = Release|Any CPU
		{B91D2E79-F336-43A8-A5C6-09D8A83B88D7}.Release|x86.ActiveCfg = Release|Any CPU
		{B91D2E79-F336-43A8-A5C6-09D8A83B88D7}.Release|x86.Build.0 = Release|Any CPU
		{358363BE-F80D-427F-AFF8-01501EDEDE4A}.Debug|Any CPU.ActiveCfg = Debug|Any CPU
		{358363BE-F80D-427F-AFF8-01501EDEDE4A}.Debug|Any CPU.Build.0 = Debug|Any CPU
		{358363BE-F80D-427F-AFF8-01501EDEDE4A}.Debug|x64.ActiveCfg = Debug|Any CPU
		{358363BE-F80D-427F-AFF8-01501EDEDE4A}.Debug|x64.Build.0 = Debug|Any CPU
		{358363BE-F80D-427F-AFF8-01501EDEDE4A}.Debug|x86.ActiveCfg = Debug|Any CPU
		{358363BE-F80D-427F-AFF8-01501EDEDE4A}.Debug|x86.Build.0 = Debug|Any CPU
		{358363BE-F80D-427F-AFF8-01501EDEDE4A}.Release|Any CPU.ActiveCfg = Release|Any CPU
		{358363BE-F80D-427F-AFF8-01501EDEDE4A}.Release|Any CPU.Build.0 = Release|Any CPU
		{358363BE-F80D-427F-AFF8-01501EDEDE4A}.Release|x64.ActiveCfg = Release|Any CPU
		{358363BE-F80D-427F-AFF8-01501EDEDE4A}.Release|x64.Build.0 = Release|Any CPU
		{358363BE-F80D-427F-AFF8-01501EDEDE4A}.Release|x86.ActiveCfg = Release|Any CPU
		{358363BE-F80D-427F-AFF8-01501EDEDE4A}.Release|x86.Build.0 = Release|Any CPU
		{36BB3EAD-A342-44A2-A66F-D662438FEBA9}.Debug|Any CPU.ActiveCfg = Debug|Any CPU
		{36BB3EAD-A342-44A2-A66F-D662438FEBA9}.Debug|Any CPU.Build.0 = Debug|Any CPU
		{36BB3EAD-A342-44A2-A66F-D662438FEBA9}.Debug|x64.ActiveCfg = Debug|Any CPU
		{36BB3EAD-A342-44A2-A66F-D662438FEBA9}.Debug|x64.Build.0 = Debug|Any CPU
		{36BB3EAD-A342-44A2-A66F-D662438FEBA9}.Debug|x86.ActiveCfg = Debug|Any CPU
		{36BB3EAD-A342-44A2-A66F-D662438FEBA9}.Debug|x86.Build.0 = Debug|Any CPU
		{36BB3EAD-A342-44A2-A66F-D662438FEBA9}.Release|Any CPU.ActiveCfg = Release|Any CPU
		{36BB3EAD-A342-44A2-A66F-D662438FEBA9}.Release|Any CPU.Build.0 = Release|Any CPU
		{36BB3EAD-A342-44A2-A66F-D662438FEBA9}.Release|x64.ActiveCfg = Release|Any CPU
		{36BB3EAD-A342-44A2-A66F-D662438FEBA9}.Release|x64.Build.0 = Release|Any CPU
		{36BB3EAD-A342-44A2-A66F-D662438FEBA9}.Release|x86.ActiveCfg = Release|Any CPU
		{36BB3EAD-A342-44A2-A66F-D662438FEBA9}.Release|x86.Build.0 = Release|Any CPU
		{A94ABAC7-4E34-45A7-97A3-C74DD4F4908E}.Debug|Any CPU.ActiveCfg = Debug|Any CPU
		{A94ABAC7-4E34-45A7-97A3-C74DD4F4908E}.Debug|Any CPU.Build.0 = Debug|Any CPU
		{A94ABAC7-4E34-45A7-97A3-C74DD4F4908E}.Debug|x64.ActiveCfg = Debug|Any CPU
		{A94ABAC7-4E34-45A7-97A3-C74DD4F4908E}.Debug|x64.Build.0 = Debug|Any CPU
		{A94ABAC7-4E34-45A7-97A3-C74DD4F4908E}.Debug|x86.ActiveCfg = Debug|Any CPU
		{A94ABAC7-4E34-45A7-97A3-C74DD4F4908E}.Debug|x86.Build.0 = Debug|Any CPU
		{A94ABAC7-4E34-45A7-97A3-C74DD4F4908E}.Release|Any CPU.ActiveCfg = Release|Any CPU
		{A94ABAC7-4E34-45A7-97A3-C74DD4F4908E}.Release|Any CPU.Build.0 = Release|Any CPU
		{A94ABAC7-4E34-45A7-97A3-C74DD4F4908E}.Release|x64.ActiveCfg = Release|Any CPU
		{A94ABAC7-4E34-45A7-97A3-C74DD4F4908E}.Release|x64.Build.0 = Release|Any CPU
		{A94ABAC7-4E34-45A7-97A3-C74DD4F4908E}.Release|x86.ActiveCfg = Release|Any CPU
		{A94ABAC7-4E34-45A7-97A3-C74DD4F4908E}.Release|x86.Build.0 = Release|Any CPU
		{9C614BDF-0170-425F-9FCD-50BA5D0CB489}.Debug|Any CPU.ActiveCfg = Debug|Any CPU
		{9C614BDF-0170-425F-9FCD-50BA5D0CB489}.Debug|Any CPU.Build.0 = Debug|Any CPU
		{9C614BDF-0170-425F-9FCD-50BA5D0CB489}.Debug|x64.ActiveCfg = Debug|Any CPU
		{9C614BDF-0170-425F-9FCD-50BA5D0CB489}.Debug|x64.Build.0 = Debug|Any CPU
		{9C614BDF-0170-425F-9FCD-50BA5D0CB489}.Debug|x86.ActiveCfg = Debug|Any CPU
		{9C614BDF-0170-425F-9FCD-50BA5D0CB489}.Debug|x86.Build.0 = Debug|Any CPU
		{9C614BDF-0170-425F-9FCD-50BA5D0CB489}.Release|Any CPU.ActiveCfg = Release|Any CPU
		{9C614BDF-0170-425F-9FCD-50BA5D0CB489}.Release|Any CPU.Build.0 = Release|Any CPU
		{9C614BDF-0170-425F-9FCD-50BA5D0CB489}.Release|x64.ActiveCfg = Release|Any CPU
		{9C614BDF-0170-425F-9FCD-50BA5D0CB489}.Release|x64.Build.0 = Release|Any CPU
		{9C614BDF-0170-425F-9FCD-50BA5D0CB489}.Release|x86.ActiveCfg = Release|Any CPU
		{9C614BDF-0170-425F-9FCD-50BA5D0CB489}.Release|x86.Build.0 = Release|Any CPU
		{3E603A53-A216-4842-9F4C-760ECD37EDE5}.Debug|Any CPU.ActiveCfg = Debug|Any CPU
		{3E603A53-A216-4842-9F4C-760ECD37EDE5}.Debug|Any CPU.Build.0 = Debug|Any CPU
		{3E603A53-A216-4842-9F4C-760ECD37EDE5}.Debug|x64.ActiveCfg = Debug|Any CPU
		{3E603A53-A216-4842-9F4C-760ECD37EDE5}.Debug|x64.Build.0 = Debug|Any CPU
		{3E603A53-A216-4842-9F4C-760ECD37EDE5}.Debug|x86.ActiveCfg = Debug|Any CPU
		{3E603A53-A216-4842-9F4C-760ECD37EDE5}.Debug|x86.Build.0 = Debug|Any CPU
		{3E603A53-A216-4842-9F4C-760ECD37EDE5}.Release|Any CPU.ActiveCfg = Release|Any CPU
		{3E603A53-A216-4842-9F4C-760ECD37EDE5}.Release|Any CPU.Build.0 = Release|Any CPU
		{3E603A53-A216-4842-9F4C-760ECD37EDE5}.Release|x64.ActiveCfg = Release|Any CPU
		{3E603A53-A216-4842-9F4C-760ECD37EDE5}.Release|x64.Build.0 = Release|Any CPU
		{3E603A53-A216-4842-9F4C-760ECD37EDE5}.Release|x86.ActiveCfg = Release|Any CPU
		{3E603A53-A216-4842-9F4C-760ECD37EDE5}.Release|x86.Build.0 = Release|Any CPU
		{94225B3B-AB8C-4FAB-ADEE-40B699F56F7C}.Debug|Any CPU.ActiveCfg = Debug|Any CPU
		{94225B3B-AB8C-4FAB-ADEE-40B699F56F7C}.Debug|Any CPU.Build.0 = Debug|Any CPU
		{94225B3B-AB8C-4FAB-ADEE-40B699F56F7C}.Debug|x64.ActiveCfg = Debug|Any CPU
		{94225B3B-AB8C-4FAB-ADEE-40B699F56F7C}.Debug|x64.Build.0 = Debug|Any CPU
		{94225B3B-AB8C-4FAB-ADEE-40B699F56F7C}.Debug|x86.ActiveCfg = Debug|Any CPU
		{94225B3B-AB8C-4FAB-ADEE-40B699F56F7C}.Debug|x86.Build.0 = Debug|Any CPU
		{94225B3B-AB8C-4FAB-ADEE-40B699F56F7C}.Release|Any CPU.ActiveCfg = Release|Any CPU
		{94225B3B-AB8C-4FAB-ADEE-40B699F56F7C}.Release|Any CPU.Build.0 = Release|Any CPU
		{94225B3B-AB8C-4FAB-ADEE-40B699F56F7C}.Release|x64.ActiveCfg = Release|Any CPU
		{94225B3B-AB8C-4FAB-ADEE-40B699F56F7C}.Release|x64.Build.0 = Release|Any CPU
		{94225B3B-AB8C-4FAB-ADEE-40B699F56F7C}.Release|x86.ActiveCfg = Release|Any CPU
		{94225B3B-AB8C-4FAB-ADEE-40B699F56F7C}.Release|x86.Build.0 = Release|Any CPU
		{A185633C-21F6-4866-8015-B8E65FAC0077}.Debug|Any CPU.ActiveCfg = Debug|Any CPU
		{A185633C-21F6-4866-8015-B8E65FAC0077}.Debug|Any CPU.Build.0 = Debug|Any CPU
		{A185633C-21F6-4866-8015-B8E65FAC0077}.Debug|x64.ActiveCfg = Debug|Any CPU
		{A185633C-21F6-4866-8015-B8E65FAC0077}.Debug|x64.Build.0 = Debug|Any CPU
		{A185633C-21F6-4866-8015-B8E65FAC0077}.Debug|x86.ActiveCfg = Debug|Any CPU
		{A185633C-21F6-4866-8015-B8E65FAC0077}.Debug|x86.Build.0 = Debug|Any CPU
		{A185633C-21F6-4866-8015-B8E65FAC0077}.Release|Any CPU.ActiveCfg = Release|Any CPU
		{A185633C-21F6-4866-8015-B8E65FAC0077}.Release|Any CPU.Build.0 = Release|Any CPU
		{A185633C-21F6-4866-8015-B8E65FAC0077}.Release|x64.ActiveCfg = Release|Any CPU
		{A185633C-21F6-4866-8015-B8E65FAC0077}.Release|x64.Build.0 = Release|Any CPU
		{A185633C-21F6-4866-8015-B8E65FAC0077}.Release|x86.ActiveCfg = Release|Any CPU
		{A185633C-21F6-4866-8015-B8E65FAC0077}.Release|x86.Build.0 = Release|Any CPU
		{1E49B92B-7472-4819-A54E-45B4D1717E5C}.Debug|Any CPU.ActiveCfg = Debug|Any CPU
		{1E49B92B-7472-4819-A54E-45B4D1717E5C}.Debug|Any CPU.Build.0 = Debug|Any CPU
		{1E49B92B-7472-4819-A54E-45B4D1717E5C}.Debug|x64.ActiveCfg = Debug|Any CPU
		{1E49B92B-7472-4819-A54E-45B4D1717E5C}.Debug|x64.Build.0 = Debug|Any CPU
		{1E49B92B-7472-4819-A54E-45B4D1717E5C}.Debug|x86.ActiveCfg = Debug|Any CPU
		{1E49B92B-7472-4819-A54E-45B4D1717E5C}.Debug|x86.Build.0 = Debug|Any CPU
		{1E49B92B-7472-4819-A54E-45B4D1717E5C}.Release|Any CPU.ActiveCfg = Release|Any CPU
		{1E49B92B-7472-4819-A54E-45B4D1717E5C}.Release|Any CPU.Build.0 = Release|Any CPU
		{1E49B92B-7472-4819-A54E-45B4D1717E5C}.Release|x64.ActiveCfg = Release|Any CPU
		{1E49B92B-7472-4819-A54E-45B4D1717E5C}.Release|x64.Build.0 = Release|Any CPU
		{1E49B92B-7472-4819-A54E-45B4D1717E5C}.Release|x86.ActiveCfg = Release|Any CPU
		{1E49B92B-7472-4819-A54E-45B4D1717E5C}.Release|x86.Build.0 = Release|Any CPU
		{585B5317-019A-4365-BB30-B17F43D21615}.Debug|Any CPU.ActiveCfg = Debug|Any CPU
		{585B5317-019A-4365-BB30-B17F43D21615}.Debug|Any CPU.Build.0 = Debug|Any CPU
		{585B5317-019A-4365-BB30-B17F43D21615}.Debug|x64.ActiveCfg = Debug|Any CPU
		{585B5317-019A-4365-BB30-B17F43D21615}.Debug|x64.Build.0 = Debug|Any CPU
		{585B5317-019A-4365-BB30-B17F43D21615}.Debug|x86.ActiveCfg = Debug|Any CPU
		{585B5317-019A-4365-BB30-B17F43D21615}.Debug|x86.Build.0 = Debug|Any CPU
		{585B5317-019A-4365-BB30-B17F43D21615}.Release|Any CPU.ActiveCfg = Release|Any CPU
		{585B5317-019A-4365-BB30-B17F43D21615}.Release|Any CPU.Build.0 = Release|Any CPU
		{585B5317-019A-4365-BB30-B17F43D21615}.Release|x64.ActiveCfg = Release|Any CPU
		{585B5317-019A-4365-BB30-B17F43D21615}.Release|x64.Build.0 = Release|Any CPU
		{585B5317-019A-4365-BB30-B17F43D21615}.Release|x86.ActiveCfg = Release|Any CPU
		{585B5317-019A-4365-BB30-B17F43D21615}.Release|x86.Build.0 = Release|Any CPU
		{1A2F3900-9465-4CA4-86FB-AEB01BB53341}.Debug|Any CPU.ActiveCfg = Debug|Any CPU
		{1A2F3900-9465-4CA4-86FB-AEB01BB53341}.Debug|Any CPU.Build.0 = Debug|Any CPU
		{1A2F3900-9465-4CA4-86FB-AEB01BB53341}.Debug|x64.ActiveCfg = Debug|Any CPU
		{1A2F3900-9465-4CA4-86FB-AEB01BB53341}.Debug|x64.Build.0 = Debug|Any CPU
		{1A2F3900-9465-4CA4-86FB-AEB01BB53341}.Debug|x86.ActiveCfg = Debug|Any CPU
		{1A2F3900-9465-4CA4-86FB-AEB01BB53341}.Debug|x86.Build.0 = Debug|Any CPU
		{1A2F3900-9465-4CA4-86FB-AEB01BB53341}.Release|Any CPU.ActiveCfg = Release|Any CPU
		{1A2F3900-9465-4CA4-86FB-AEB01BB53341}.Release|Any CPU.Build.0 = Release|Any CPU
		{1A2F3900-9465-4CA4-86FB-AEB01BB53341}.Release|x64.ActiveCfg = Release|Any CPU
		{1A2F3900-9465-4CA4-86FB-AEB01BB53341}.Release|x64.Build.0 = Release|Any CPU
		{1A2F3900-9465-4CA4-86FB-AEB01BB53341}.Release|x86.ActiveCfg = Release|Any CPU
		{1A2F3900-9465-4CA4-86FB-AEB01BB53341}.Release|x86.Build.0 = Release|Any CPU
		{7B8B13CA-CC96-4F65-A447-2CAF45676291}.Debug|Any CPU.ActiveCfg = Debug|Any CPU
		{7B8B13CA-CC96-4F65-A447-2CAF45676291}.Debug|Any CPU.Build.0 = Debug|Any CPU
		{7B8B13CA-CC96-4F65-A447-2CAF45676291}.Debug|x64.ActiveCfg = Debug|Any CPU
		{7B8B13CA-CC96-4F65-A447-2CAF45676291}.Debug|x64.Build.0 = Debug|Any CPU
		{7B8B13CA-CC96-4F65-A447-2CAF45676291}.Debug|x86.ActiveCfg = Debug|Any CPU
		{7B8B13CA-CC96-4F65-A447-2CAF45676291}.Debug|x86.Build.0 = Debug|Any CPU
		{7B8B13CA-CC96-4F65-A447-2CAF45676291}.Release|Any CPU.ActiveCfg = Release|Any CPU
		{7B8B13CA-CC96-4F65-A447-2CAF45676291}.Release|Any CPU.Build.0 = Release|Any CPU
		{7B8B13CA-CC96-4F65-A447-2CAF45676291}.Release|x64.ActiveCfg = Release|Any CPU
		{7B8B13CA-CC96-4F65-A447-2CAF45676291}.Release|x64.Build.0 = Release|Any CPU
		{7B8B13CA-CC96-4F65-A447-2CAF45676291}.Release|x86.ActiveCfg = Release|Any CPU
		{7B8B13CA-CC96-4F65-A447-2CAF45676291}.Release|x86.Build.0 = Release|Any CPU
		{DB9DB7DB-7A91-454D-8842-FB6FF434070A}.Debug|Any CPU.ActiveCfg = Debug|Any CPU
		{DB9DB7DB-7A91-454D-8842-FB6FF434070A}.Debug|Any CPU.Build.0 = Debug|Any CPU
		{DB9DB7DB-7A91-454D-8842-FB6FF434070A}.Debug|x64.ActiveCfg = Debug|Any CPU
		{DB9DB7DB-7A91-454D-8842-FB6FF434070A}.Debug|x64.Build.0 = Debug|Any CPU
		{DB9DB7DB-7A91-454D-8842-FB6FF434070A}.Debug|x86.ActiveCfg = Debug|Any CPU
		{DB9DB7DB-7A91-454D-8842-FB6FF434070A}.Debug|x86.Build.0 = Debug|Any CPU
		{DB9DB7DB-7A91-454D-8842-FB6FF434070A}.Release|Any CPU.ActiveCfg = Release|Any CPU
		{DB9DB7DB-7A91-454D-8842-FB6FF434070A}.Release|Any CPU.Build.0 = Release|Any CPU
		{DB9DB7DB-7A91-454D-8842-FB6FF434070A}.Release|x64.ActiveCfg = Release|Any CPU
		{DB9DB7DB-7A91-454D-8842-FB6FF434070A}.Release|x64.Build.0 = Release|Any CPU
		{DB9DB7DB-7A91-454D-8842-FB6FF434070A}.Release|x86.ActiveCfg = Release|Any CPU
		{DB9DB7DB-7A91-454D-8842-FB6FF434070A}.Release|x86.Build.0 = Release|Any CPU
		{2E9F3DA5-F526-4F65-8F72-DEDBEAA8FE81}.Debug|Any CPU.ActiveCfg = Debug|Any CPU
		{2E9F3DA5-F526-4F65-8F72-DEDBEAA8FE81}.Debug|Any CPU.Build.0 = Debug|Any CPU
		{2E9F3DA5-F526-4F65-8F72-DEDBEAA8FE81}.Debug|x64.ActiveCfg = Debug|Any CPU
		{2E9F3DA5-F526-4F65-8F72-DEDBEAA8FE81}.Debug|x64.Build.0 = Debug|Any CPU
		{2E9F3DA5-F526-4F65-8F72-DEDBEAA8FE81}.Debug|x86.ActiveCfg = Debug|Any CPU
		{2E9F3DA5-F526-4F65-8F72-DEDBEAA8FE81}.Debug|x86.Build.0 = Debug|Any CPU
		{2E9F3DA5-F526-4F65-8F72-DEDBEAA8FE81}.Release|Any CPU.ActiveCfg = Release|Any CPU
		{2E9F3DA5-F526-4F65-8F72-DEDBEAA8FE81}.Release|Any CPU.Build.0 = Release|Any CPU
		{2E9F3DA5-F526-4F65-8F72-DEDBEAA8FE81}.Release|x64.ActiveCfg = Release|Any CPU
		{2E9F3DA5-F526-4F65-8F72-DEDBEAA8FE81}.Release|x64.Build.0 = Release|Any CPU
		{2E9F3DA5-F526-4F65-8F72-DEDBEAA8FE81}.Release|x86.ActiveCfg = Release|Any CPU
		{2E9F3DA5-F526-4F65-8F72-DEDBEAA8FE81}.Release|x86.Build.0 = Release|Any CPU
		{C11704DC-1E83-4121-8C76-49F0A1A1404B}.Debug|Any CPU.ActiveCfg = Debug|Any CPU
		{C11704DC-1E83-4121-8C76-49F0A1A1404B}.Debug|Any CPU.Build.0 = Debug|Any CPU
		{C11704DC-1E83-4121-8C76-49F0A1A1404B}.Debug|x64.ActiveCfg = Debug|Any CPU
		{C11704DC-1E83-4121-8C76-49F0A1A1404B}.Debug|x64.Build.0 = Debug|Any CPU
		{C11704DC-1E83-4121-8C76-49F0A1A1404B}.Debug|x86.ActiveCfg = Debug|Any CPU
		{C11704DC-1E83-4121-8C76-49F0A1A1404B}.Debug|x86.Build.0 = Debug|Any CPU
		{C11704DC-1E83-4121-8C76-49F0A1A1404B}.Release|Any CPU.ActiveCfg = Release|Any CPU
		{C11704DC-1E83-4121-8C76-49F0A1A1404B}.Release|Any CPU.Build.0 = Release|Any CPU
		{C11704DC-1E83-4121-8C76-49F0A1A1404B}.Release|x64.ActiveCfg = Release|Any CPU
		{C11704DC-1E83-4121-8C76-49F0A1A1404B}.Release|x64.Build.0 = Release|Any CPU
		{C11704DC-1E83-4121-8C76-49F0A1A1404B}.Release|x86.ActiveCfg = Release|Any CPU
		{C11704DC-1E83-4121-8C76-49F0A1A1404B}.Release|x86.Build.0 = Release|Any CPU
		{362F24A9-247C-4F03-909B-6DF4E3669618}.Debug|Any CPU.ActiveCfg = Debug|Any CPU
		{362F24A9-247C-4F03-909B-6DF4E3669618}.Debug|Any CPU.Build.0 = Debug|Any CPU
		{362F24A9-247C-4F03-909B-6DF4E3669618}.Debug|x64.ActiveCfg = Debug|Any CPU
		{362F24A9-247C-4F03-909B-6DF4E3669618}.Debug|x64.Build.0 = Debug|Any CPU
		{362F24A9-247C-4F03-909B-6DF4E3669618}.Debug|x86.ActiveCfg = Debug|Any CPU
		{362F24A9-247C-4F03-909B-6DF4E3669618}.Debug|x86.Build.0 = Debug|Any CPU
		{362F24A9-247C-4F03-909B-6DF4E3669618}.Release|Any CPU.ActiveCfg = Release|Any CPU
		{362F24A9-247C-4F03-909B-6DF4E3669618}.Release|Any CPU.Build.0 = Release|Any CPU
		{362F24A9-247C-4F03-909B-6DF4E3669618}.Release|x64.ActiveCfg = Release|Any CPU
		{362F24A9-247C-4F03-909B-6DF4E3669618}.Release|x64.Build.0 = Release|Any CPU
		{362F24A9-247C-4F03-909B-6DF4E3669618}.Release|x86.ActiveCfg = Release|Any CPU
		{362F24A9-247C-4F03-909B-6DF4E3669618}.Release|x86.Build.0 = Release|Any CPU
		{71CF388A-603A-44D0-87A4-2B3CB740304F}.Debug|Any CPU.ActiveCfg = Debug|Any CPU
		{71CF388A-603A-44D0-87A4-2B3CB740304F}.Debug|Any CPU.Build.0 = Debug|Any CPU
		{71CF388A-603A-44D0-87A4-2B3CB740304F}.Debug|x64.ActiveCfg = Debug|Any CPU
		{71CF388A-603A-44D0-87A4-2B3CB740304F}.Debug|x64.Build.0 = Debug|Any CPU
		{71CF388A-603A-44D0-87A4-2B3CB740304F}.Debug|x86.ActiveCfg = Debug|Any CPU
		{71CF388A-603A-44D0-87A4-2B3CB740304F}.Debug|x86.Build.0 = Debug|Any CPU
		{71CF388A-603A-44D0-87A4-2B3CB740304F}.Release|Any CPU.ActiveCfg = Release|Any CPU
		{71CF388A-603A-44D0-87A4-2B3CB740304F}.Release|Any CPU.Build.0 = Release|Any CPU
		{71CF388A-603A-44D0-87A4-2B3CB740304F}.Release|x64.ActiveCfg = Release|Any CPU
		{71CF388A-603A-44D0-87A4-2B3CB740304F}.Release|x64.Build.0 = Release|Any CPU
		{71CF388A-603A-44D0-87A4-2B3CB740304F}.Release|x86.ActiveCfg = Release|Any CPU
		{71CF388A-603A-44D0-87A4-2B3CB740304F}.Release|x86.Build.0 = Release|Any CPU
		{A484158C-1F67-472A-83BF-084CD715540E}.Debug|Any CPU.ActiveCfg = Debug|Any CPU
		{A484158C-1F67-472A-83BF-084CD715540E}.Debug|Any CPU.Build.0 = Debug|Any CPU
		{A484158C-1F67-472A-83BF-084CD715540E}.Debug|x64.ActiveCfg = Debug|Any CPU
		{A484158C-1F67-472A-83BF-084CD715540E}.Debug|x64.Build.0 = Debug|Any CPU
		{A484158C-1F67-472A-83BF-084CD715540E}.Debug|x86.ActiveCfg = Debug|Any CPU
		{A484158C-1F67-472A-83BF-084CD715540E}.Debug|x86.Build.0 = Debug|Any CPU
		{A484158C-1F67-472A-83BF-084CD715540E}.Release|Any CPU.ActiveCfg = Release|Any CPU
		{A484158C-1F67-472A-83BF-084CD715540E}.Release|Any CPU.Build.0 = Release|Any CPU
		{A484158C-1F67-472A-83BF-084CD715540E}.Release|x64.ActiveCfg = Release|Any CPU
		{A484158C-1F67-472A-83BF-084CD715540E}.Release|x64.Build.0 = Release|Any CPU
		{A484158C-1F67-472A-83BF-084CD715540E}.Release|x86.ActiveCfg = Release|Any CPU
		{A484158C-1F67-472A-83BF-084CD715540E}.Release|x86.Build.0 = Release|Any CPU
		{B39DEC34-7F81-4B21-89B3-E2CB38E2E020}.Debug|Any CPU.ActiveCfg = Debug|Any CPU
		{B39DEC34-7F81-4B21-89B3-E2CB38E2E020}.Debug|Any CPU.Build.0 = Debug|Any CPU
		{B39DEC34-7F81-4B21-89B3-E2CB38E2E020}.Debug|x64.ActiveCfg = Debug|Any CPU
		{B39DEC34-7F81-4B21-89B3-E2CB38E2E020}.Debug|x64.Build.0 = Debug|Any CPU
		{B39DEC34-7F81-4B21-89B3-E2CB38E2E020}.Debug|x86.ActiveCfg = Debug|Any CPU
		{B39DEC34-7F81-4B21-89B3-E2CB38E2E020}.Debug|x86.Build.0 = Debug|Any CPU
		{B39DEC34-7F81-4B21-89B3-E2CB38E2E020}.Release|Any CPU.ActiveCfg = Release|Any CPU
		{B39DEC34-7F81-4B21-89B3-E2CB38E2E020}.Release|Any CPU.Build.0 = Release|Any CPU
		{B39DEC34-7F81-4B21-89B3-E2CB38E2E020}.Release|x64.ActiveCfg = Release|Any CPU
		{B39DEC34-7F81-4B21-89B3-E2CB38E2E020}.Release|x64.Build.0 = Release|Any CPU
		{B39DEC34-7F81-4B21-89B3-E2CB38E2E020}.Release|x86.ActiveCfg = Release|Any CPU
		{B39DEC34-7F81-4B21-89B3-E2CB38E2E020}.Release|x86.Build.0 = Release|Any CPU
		{FBB996B6-8742-47BA-A6F2-D87B343F487F}.Debug|Any CPU.ActiveCfg = Debug|Any CPU
		{FBB996B6-8742-47BA-A6F2-D87B343F487F}.Debug|Any CPU.Build.0 = Debug|Any CPU
		{FBB996B6-8742-47BA-A6F2-D87B343F487F}.Debug|x64.ActiveCfg = Debug|Any CPU
		{FBB996B6-8742-47BA-A6F2-D87B343F487F}.Debug|x64.Build.0 = Debug|Any CPU
		{FBB996B6-8742-47BA-A6F2-D87B343F487F}.Debug|x86.ActiveCfg = Debug|Any CPU
		{FBB996B6-8742-47BA-A6F2-D87B343F487F}.Debug|x86.Build.0 = Debug|Any CPU
		{FBB996B6-8742-47BA-A6F2-D87B343F487F}.Release|Any CPU.ActiveCfg = Release|Any CPU
		{FBB996B6-8742-47BA-A6F2-D87B343F487F}.Release|Any CPU.Build.0 = Release|Any CPU
		{FBB996B6-8742-47BA-A6F2-D87B343F487F}.Release|x64.ActiveCfg = Release|Any CPU
		{FBB996B6-8742-47BA-A6F2-D87B343F487F}.Release|x64.Build.0 = Release|Any CPU
		{FBB996B6-8742-47BA-A6F2-D87B343F487F}.Release|x86.ActiveCfg = Release|Any CPU
		{FBB996B6-8742-47BA-A6F2-D87B343F487F}.Release|x86.Build.0 = Release|Any CPU
		{985C5FFB-0E39-41DD-BD6E-A95CE34254FC}.Debug|Any CPU.ActiveCfg = Debug|Any CPU
		{985C5FFB-0E39-41DD-BD6E-A95CE34254FC}.Debug|Any CPU.Build.0 = Debug|Any CPU
		{985C5FFB-0E39-41DD-BD6E-A95CE34254FC}.Debug|x64.ActiveCfg = Debug|Any CPU
		{985C5FFB-0E39-41DD-BD6E-A95CE34254FC}.Debug|x64.Build.0 = Debug|Any CPU
		{985C5FFB-0E39-41DD-BD6E-A95CE34254FC}.Debug|x86.ActiveCfg = Debug|Any CPU
		{985C5FFB-0E39-41DD-BD6E-A95CE34254FC}.Debug|x86.Build.0 = Debug|Any CPU
		{985C5FFB-0E39-41DD-BD6E-A95CE34254FC}.Release|Any CPU.ActiveCfg = Release|Any CPU
		{985C5FFB-0E39-41DD-BD6E-A95CE34254FC}.Release|Any CPU.Build.0 = Release|Any CPU
		{985C5FFB-0E39-41DD-BD6E-A95CE34254FC}.Release|x64.ActiveCfg = Release|Any CPU
		{985C5FFB-0E39-41DD-BD6E-A95CE34254FC}.Release|x64.Build.0 = Release|Any CPU
		{985C5FFB-0E39-41DD-BD6E-A95CE34254FC}.Release|x86.ActiveCfg = Release|Any CPU
		{985C5FFB-0E39-41DD-BD6E-A95CE34254FC}.Release|x86.Build.0 = Release|Any CPU
		{DB77ED46-51F1-48F9-AA32-7DBE964EB9A9}.Debug|Any CPU.ActiveCfg = Debug|Any CPU
		{DB77ED46-51F1-48F9-AA32-7DBE964EB9A9}.Debug|Any CPU.Build.0 = Debug|Any CPU
		{DB77ED46-51F1-48F9-AA32-7DBE964EB9A9}.Debug|x64.ActiveCfg = Debug|Any CPU
		{DB77ED46-51F1-48F9-AA32-7DBE964EB9A9}.Debug|x64.Build.0 = Debug|Any CPU
		{DB77ED46-51F1-48F9-AA32-7DBE964EB9A9}.Debug|x86.ActiveCfg = Debug|Any CPU
		{DB77ED46-51F1-48F9-AA32-7DBE964EB9A9}.Debug|x86.Build.0 = Debug|Any CPU
		{DB77ED46-51F1-48F9-AA32-7DBE964EB9A9}.Release|Any CPU.ActiveCfg = Release|Any CPU
		{DB77ED46-51F1-48F9-AA32-7DBE964EB9A9}.Release|Any CPU.Build.0 = Release|Any CPU
		{DB77ED46-51F1-48F9-AA32-7DBE964EB9A9}.Release|x64.ActiveCfg = Release|Any CPU
		{DB77ED46-51F1-48F9-AA32-7DBE964EB9A9}.Release|x64.Build.0 = Release|Any CPU
		{DB77ED46-51F1-48F9-AA32-7DBE964EB9A9}.Release|x86.ActiveCfg = Release|Any CPU
		{DB77ED46-51F1-48F9-AA32-7DBE964EB9A9}.Release|x86.Build.0 = Release|Any CPU
		{04CC1DFC-3814-4235-AE0A-ABAB83085A92}.Debug|Any CPU.ActiveCfg = Debug|Any CPU
		{04CC1DFC-3814-4235-AE0A-ABAB83085A92}.Debug|Any CPU.Build.0 = Debug|Any CPU
		{04CC1DFC-3814-4235-AE0A-ABAB83085A92}.Debug|x64.ActiveCfg = Debug|Any CPU
		{04CC1DFC-3814-4235-AE0A-ABAB83085A92}.Debug|x64.Build.0 = Debug|Any CPU
		{04CC1DFC-3814-4235-AE0A-ABAB83085A92}.Debug|x86.ActiveCfg = Debug|Any CPU
		{04CC1DFC-3814-4235-AE0A-ABAB83085A92}.Debug|x86.Build.0 = Debug|Any CPU
		{04CC1DFC-3814-4235-AE0A-ABAB83085A92}.Release|Any CPU.ActiveCfg = Release|Any CPU
		{04CC1DFC-3814-4235-AE0A-ABAB83085A92}.Release|Any CPU.Build.0 = Release|Any CPU
		{04CC1DFC-3814-4235-AE0A-ABAB83085A92}.Release|x64.ActiveCfg = Release|Any CPU
		{04CC1DFC-3814-4235-AE0A-ABAB83085A92}.Release|x64.Build.0 = Release|Any CPU
		{04CC1DFC-3814-4235-AE0A-ABAB83085A92}.Release|x86.ActiveCfg = Release|Any CPU
		{04CC1DFC-3814-4235-AE0A-ABAB83085A92}.Release|x86.Build.0 = Release|Any CPU
		{50E2171D-DC70-4B28-834F-D3C113A2CA8A}.Debug|Any CPU.ActiveCfg = Debug|Any CPU
		{50E2171D-DC70-4B28-834F-D3C113A2CA8A}.Debug|Any CPU.Build.0 = Debug|Any CPU
		{50E2171D-DC70-4B28-834F-D3C113A2CA8A}.Debug|x64.ActiveCfg = Debug|Any CPU
		{50E2171D-DC70-4B28-834F-D3C113A2CA8A}.Debug|x64.Build.0 = Debug|Any CPU
		{50E2171D-DC70-4B28-834F-D3C113A2CA8A}.Debug|x86.ActiveCfg = Debug|Any CPU
		{50E2171D-DC70-4B28-834F-D3C113A2CA8A}.Debug|x86.Build.0 = Debug|Any CPU
		{50E2171D-DC70-4B28-834F-D3C113A2CA8A}.Release|Any CPU.ActiveCfg = Release|Any CPU
		{50E2171D-DC70-4B28-834F-D3C113A2CA8A}.Release|Any CPU.Build.0 = Release|Any CPU
		{50E2171D-DC70-4B28-834F-D3C113A2CA8A}.Release|x64.ActiveCfg = Release|Any CPU
		{50E2171D-DC70-4B28-834F-D3C113A2CA8A}.Release|x64.Build.0 = Release|Any CPU
		{50E2171D-DC70-4B28-834F-D3C113A2CA8A}.Release|x86.ActiveCfg = Release|Any CPU
		{50E2171D-DC70-4B28-834F-D3C113A2CA8A}.Release|x86.Build.0 = Release|Any CPU
		{A04AA5EE-5DA7-4D4B-BB7C-36BC0BF0A406}.Debug|Any CPU.ActiveCfg = Debug|Any CPU
		{A04AA5EE-5DA7-4D4B-BB7C-36BC0BF0A406}.Debug|Any CPU.Build.0 = Debug|Any CPU
		{A04AA5EE-5DA7-4D4B-BB7C-36BC0BF0A406}.Debug|x64.ActiveCfg = Debug|Any CPU
		{A04AA5EE-5DA7-4D4B-BB7C-36BC0BF0A406}.Debug|x64.Build.0 = Debug|Any CPU
		{A04AA5EE-5DA7-4D4B-BB7C-36BC0BF0A406}.Debug|x86.ActiveCfg = Debug|Any CPU
		{A04AA5EE-5DA7-4D4B-BB7C-36BC0BF0A406}.Debug|x86.Build.0 = Debug|Any CPU
		{A04AA5EE-5DA7-4D4B-BB7C-36BC0BF0A406}.Release|Any CPU.ActiveCfg = Release|Any CPU
		{A04AA5EE-5DA7-4D4B-BB7C-36BC0BF0A406}.Release|Any CPU.Build.0 = Release|Any CPU
		{A04AA5EE-5DA7-4D4B-BB7C-36BC0BF0A406}.Release|x64.ActiveCfg = Release|Any CPU
		{A04AA5EE-5DA7-4D4B-BB7C-36BC0BF0A406}.Release|x64.Build.0 = Release|Any CPU
		{A04AA5EE-5DA7-4D4B-BB7C-36BC0BF0A406}.Release|x86.ActiveCfg = Release|Any CPU
		{A04AA5EE-5DA7-4D4B-BB7C-36BC0BF0A406}.Release|x86.Build.0 = Release|Any CPU
		{6193BD09-98F4-45F9-957E-7585B8C1C168}.Debug|Any CPU.ActiveCfg = Debug|Any CPU
		{6193BD09-98F4-45F9-957E-7585B8C1C168}.Debug|Any CPU.Build.0 = Debug|Any CPU
		{6193BD09-98F4-45F9-957E-7585B8C1C168}.Debug|x64.ActiveCfg = Debug|Any CPU
		{6193BD09-98F4-45F9-957E-7585B8C1C168}.Debug|x64.Build.0 = Debug|Any CPU
		{6193BD09-98F4-45F9-957E-7585B8C1C168}.Debug|x86.ActiveCfg = Debug|Any CPU
		{6193BD09-98F4-45F9-957E-7585B8C1C168}.Debug|x86.Build.0 = Debug|Any CPU
		{6193BD09-98F4-45F9-957E-7585B8C1C168}.Release|Any CPU.ActiveCfg = Release|Any CPU
		{6193BD09-98F4-45F9-957E-7585B8C1C168}.Release|Any CPU.Build.0 = Release|Any CPU
		{6193BD09-98F4-45F9-957E-7585B8C1C168}.Release|x64.ActiveCfg = Release|Any CPU
		{6193BD09-98F4-45F9-957E-7585B8C1C168}.Release|x64.Build.0 = Release|Any CPU
		{6193BD09-98F4-45F9-957E-7585B8C1C168}.Release|x86.ActiveCfg = Release|Any CPU
		{6193BD09-98F4-45F9-957E-7585B8C1C168}.Release|x86.Build.0 = Release|Any CPU
		{EF6C3807-D2DC-4E2B-9B16-2B92F4B559B8}.Debug|Any CPU.ActiveCfg = Debug|Any CPU
		{EF6C3807-D2DC-4E2B-9B16-2B92F4B559B8}.Debug|Any CPU.Build.0 = Debug|Any CPU
		{EF6C3807-D2DC-4E2B-9B16-2B92F4B559B8}.Debug|x64.ActiveCfg = Debug|Any CPU
		{EF6C3807-D2DC-4E2B-9B16-2B92F4B559B8}.Debug|x64.Build.0 = Debug|Any CPU
		{EF6C3807-D2DC-4E2B-9B16-2B92F4B559B8}.Debug|x86.ActiveCfg = Debug|Any CPU
		{EF6C3807-D2DC-4E2B-9B16-2B92F4B559B8}.Debug|x86.Build.0 = Debug|Any CPU
		{EF6C3807-D2DC-4E2B-9B16-2B92F4B559B8}.Release|Any CPU.ActiveCfg = Release|Any CPU
		{EF6C3807-D2DC-4E2B-9B16-2B92F4B559B8}.Release|Any CPU.Build.0 = Release|Any CPU
		{EF6C3807-D2DC-4E2B-9B16-2B92F4B559B8}.Release|x64.ActiveCfg = Release|Any CPU
		{EF6C3807-D2DC-4E2B-9B16-2B92F4B559B8}.Release|x64.Build.0 = Release|Any CPU
		{EF6C3807-D2DC-4E2B-9B16-2B92F4B559B8}.Release|x86.ActiveCfg = Release|Any CPU
		{EF6C3807-D2DC-4E2B-9B16-2B92F4B559B8}.Release|x86.Build.0 = Release|Any CPU
		{93964930-338C-4A4A-B863-340EB675D0CA}.Debug|Any CPU.ActiveCfg = Debug|Any CPU
		{93964930-338C-4A4A-B863-340EB675D0CA}.Debug|Any CPU.Build.0 = Debug|Any CPU
		{93964930-338C-4A4A-B863-340EB675D0CA}.Debug|x64.ActiveCfg = Debug|Any CPU
		{93964930-338C-4A4A-B863-340EB675D0CA}.Debug|x64.Build.0 = Debug|Any CPU
		{93964930-338C-4A4A-B863-340EB675D0CA}.Debug|x86.ActiveCfg = Debug|Any CPU
		{93964930-338C-4A4A-B863-340EB675D0CA}.Debug|x86.Build.0 = Debug|Any CPU
		{93964930-338C-4A4A-B863-340EB675D0CA}.Release|Any CPU.ActiveCfg = Release|Any CPU
		{93964930-338C-4A4A-B863-340EB675D0CA}.Release|Any CPU.Build.0 = Release|Any CPU
		{93964930-338C-4A4A-B863-340EB675D0CA}.Release|x64.ActiveCfg = Release|Any CPU
		{93964930-338C-4A4A-B863-340EB675D0CA}.Release|x64.Build.0 = Release|Any CPU
		{93964930-338C-4A4A-B863-340EB675D0CA}.Release|x86.ActiveCfg = Release|Any CPU
		{93964930-338C-4A4A-B863-340EB675D0CA}.Release|x86.Build.0 = Release|Any CPU
		{CBAB1904-C7C8-4BEF-906F-8CF25394C0AF}.Debug|Any CPU.ActiveCfg = Debug|Any CPU
		{CBAB1904-C7C8-4BEF-906F-8CF25394C0AF}.Debug|Any CPU.Build.0 = Debug|Any CPU
		{CBAB1904-C7C8-4BEF-906F-8CF25394C0AF}.Debug|x64.ActiveCfg = Debug|Any CPU
		{CBAB1904-C7C8-4BEF-906F-8CF25394C0AF}.Debug|x64.Build.0 = Debug|Any CPU
		{CBAB1904-C7C8-4BEF-906F-8CF25394C0AF}.Debug|x86.ActiveCfg = Debug|Any CPU
		{CBAB1904-C7C8-4BEF-906F-8CF25394C0AF}.Debug|x86.Build.0 = Debug|Any CPU
		{CBAB1904-C7C8-4BEF-906F-8CF25394C0AF}.Release|Any CPU.ActiveCfg = Release|Any CPU
		{CBAB1904-C7C8-4BEF-906F-8CF25394C0AF}.Release|Any CPU.Build.0 = Release|Any CPU
		{CBAB1904-C7C8-4BEF-906F-8CF25394C0AF}.Release|x64.ActiveCfg = Release|Any CPU
		{CBAB1904-C7C8-4BEF-906F-8CF25394C0AF}.Release|x64.Build.0 = Release|Any CPU
		{CBAB1904-C7C8-4BEF-906F-8CF25394C0AF}.Release|x86.ActiveCfg = Release|Any CPU
		{CBAB1904-C7C8-4BEF-906F-8CF25394C0AF}.Release|x86.Build.0 = Release|Any CPU
		{78E8AB12-2364-4527-99CC-572D9BC7310D}.Debug|Any CPU.ActiveCfg = Debug|Any CPU
		{78E8AB12-2364-4527-99CC-572D9BC7310D}.Debug|Any CPU.Build.0 = Debug|Any CPU
		{78E8AB12-2364-4527-99CC-572D9BC7310D}.Debug|x64.ActiveCfg = Debug|Any CPU
		{78E8AB12-2364-4527-99CC-572D9BC7310D}.Debug|x64.Build.0 = Debug|Any CPU
		{78E8AB12-2364-4527-99CC-572D9BC7310D}.Debug|x86.ActiveCfg = Debug|Any CPU
		{78E8AB12-2364-4527-99CC-572D9BC7310D}.Debug|x86.Build.0 = Debug|Any CPU
		{78E8AB12-2364-4527-99CC-572D9BC7310D}.Release|Any CPU.ActiveCfg = Release|Any CPU
		{78E8AB12-2364-4527-99CC-572D9BC7310D}.Release|Any CPU.Build.0 = Release|Any CPU
		{78E8AB12-2364-4527-99CC-572D9BC7310D}.Release|x64.ActiveCfg = Release|Any CPU
		{78E8AB12-2364-4527-99CC-572D9BC7310D}.Release|x64.Build.0 = Release|Any CPU
		{78E8AB12-2364-4527-99CC-572D9BC7310D}.Release|x86.ActiveCfg = Release|Any CPU
		{78E8AB12-2364-4527-99CC-572D9BC7310D}.Release|x86.Build.0 = Release|Any CPU
		{8D8196A8-105C-4239-A225-5E76D3DF7229}.Debug|Any CPU.ActiveCfg = Debug|Any CPU
		{8D8196A8-105C-4239-A225-5E76D3DF7229}.Debug|Any CPU.Build.0 = Debug|Any CPU
		{8D8196A8-105C-4239-A225-5E76D3DF7229}.Debug|x64.ActiveCfg = Debug|Any CPU
		{8D8196A8-105C-4239-A225-5E76D3DF7229}.Debug|x64.Build.0 = Debug|Any CPU
		{8D8196A8-105C-4239-A225-5E76D3DF7229}.Debug|x86.ActiveCfg = Debug|Any CPU
		{8D8196A8-105C-4239-A225-5E76D3DF7229}.Debug|x86.Build.0 = Debug|Any CPU
		{8D8196A8-105C-4239-A225-5E76D3DF7229}.Release|Any CPU.ActiveCfg = Release|Any CPU
		{8D8196A8-105C-4239-A225-5E76D3DF7229}.Release|Any CPU.Build.0 = Release|Any CPU
		{8D8196A8-105C-4239-A225-5E76D3DF7229}.Release|x64.ActiveCfg = Release|Any CPU
		{8D8196A8-105C-4239-A225-5E76D3DF7229}.Release|x64.Build.0 = Release|Any CPU
		{8D8196A8-105C-4239-A225-5E76D3DF7229}.Release|x86.ActiveCfg = Release|Any CPU
		{8D8196A8-105C-4239-A225-5E76D3DF7229}.Release|x86.Build.0 = Release|Any CPU
		{DB36B583-E0C1-4CBF-B587-5B6D0D3485E3}.Debug|Any CPU.ActiveCfg = Debug|Any CPU
		{DB36B583-E0C1-4CBF-B587-5B6D0D3485E3}.Debug|Any CPU.Build.0 = Debug|Any CPU
		{DB36B583-E0C1-4CBF-B587-5B6D0D3485E3}.Debug|x64.ActiveCfg = Debug|Any CPU
		{DB36B583-E0C1-4CBF-B587-5B6D0D3485E3}.Debug|x64.Build.0 = Debug|Any CPU
		{DB36B583-E0C1-4CBF-B587-5B6D0D3485E3}.Debug|x86.ActiveCfg = Debug|Any CPU
		{DB36B583-E0C1-4CBF-B587-5B6D0D3485E3}.Debug|x86.Build.0 = Debug|Any CPU
		{DB36B583-E0C1-4CBF-B587-5B6D0D3485E3}.Release|Any CPU.ActiveCfg = Release|Any CPU
		{DB36B583-E0C1-4CBF-B587-5B6D0D3485E3}.Release|Any CPU.Build.0 = Release|Any CPU
		{DB36B583-E0C1-4CBF-B587-5B6D0D3485E3}.Release|x64.ActiveCfg = Release|Any CPU
		{DB36B583-E0C1-4CBF-B587-5B6D0D3485E3}.Release|x64.Build.0 = Release|Any CPU
		{DB36B583-E0C1-4CBF-B587-5B6D0D3485E3}.Release|x86.ActiveCfg = Release|Any CPU
		{DB36B583-E0C1-4CBF-B587-5B6D0D3485E3}.Release|x86.Build.0 = Release|Any CPU
		{95D83629-9E6A-42B6-BAB4-D75453C3FFBC}.Debug|Any CPU.ActiveCfg = Debug|Any CPU
		{95D83629-9E6A-42B6-BAB4-D75453C3FFBC}.Debug|Any CPU.Build.0 = Debug|Any CPU
		{95D83629-9E6A-42B6-BAB4-D75453C3FFBC}.Debug|x64.ActiveCfg = Debug|Any CPU
		{95D83629-9E6A-42B6-BAB4-D75453C3FFBC}.Debug|x64.Build.0 = Debug|Any CPU
		{95D83629-9E6A-42B6-BAB4-D75453C3FFBC}.Debug|x86.ActiveCfg = Debug|Any CPU
		{95D83629-9E6A-42B6-BAB4-D75453C3FFBC}.Debug|x86.Build.0 = Debug|Any CPU
		{95D83629-9E6A-42B6-BAB4-D75453C3FFBC}.Release|Any CPU.ActiveCfg = Release|Any CPU
		{95D83629-9E6A-42B6-BAB4-D75453C3FFBC}.Release|Any CPU.Build.0 = Release|Any CPU
		{95D83629-9E6A-42B6-BAB4-D75453C3FFBC}.Release|x64.ActiveCfg = Release|Any CPU
		{95D83629-9E6A-42B6-BAB4-D75453C3FFBC}.Release|x64.Build.0 = Release|Any CPU
		{95D83629-9E6A-42B6-BAB4-D75453C3FFBC}.Release|x86.ActiveCfg = Release|Any CPU
		{95D83629-9E6A-42B6-BAB4-D75453C3FFBC}.Release|x86.Build.0 = Release|Any CPU
		{36F6B462-540A-4EEB-BFB1-21C17F9F7487}.Debug|Any CPU.ActiveCfg = Debug|Any CPU
		{36F6B462-540A-4EEB-BFB1-21C17F9F7487}.Debug|Any CPU.Build.0 = Debug|Any CPU
		{36F6B462-540A-4EEB-BFB1-21C17F9F7487}.Debug|x64.ActiveCfg = Debug|Any CPU
		{36F6B462-540A-4EEB-BFB1-21C17F9F7487}.Debug|x64.Build.0 = Debug|Any CPU
		{36F6B462-540A-4EEB-BFB1-21C17F9F7487}.Debug|x86.ActiveCfg = Debug|Any CPU
		{36F6B462-540A-4EEB-BFB1-21C17F9F7487}.Debug|x86.Build.0 = Debug|Any CPU
		{36F6B462-540A-4EEB-BFB1-21C17F9F7487}.Release|Any CPU.ActiveCfg = Release|Any CPU
		{36F6B462-540A-4EEB-BFB1-21C17F9F7487}.Release|Any CPU.Build.0 = Release|Any CPU
		{36F6B462-540A-4EEB-BFB1-21C17F9F7487}.Release|x64.ActiveCfg = Release|Any CPU
		{36F6B462-540A-4EEB-BFB1-21C17F9F7487}.Release|x64.Build.0 = Release|Any CPU
		{36F6B462-540A-4EEB-BFB1-21C17F9F7487}.Release|x86.ActiveCfg = Release|Any CPU
		{36F6B462-540A-4EEB-BFB1-21C17F9F7487}.Release|x86.Build.0 = Release|Any CPU
		{2D40F751-1B31-46F5-9007-66EF03AEA3B6}.Debug|Any CPU.ActiveCfg = Debug|Any CPU
		{2D40F751-1B31-46F5-9007-66EF03AEA3B6}.Debug|Any CPU.Build.0 = Debug|Any CPU
		{2D40F751-1B31-46F5-9007-66EF03AEA3B6}.Debug|x64.ActiveCfg = Debug|Any CPU
		{2D40F751-1B31-46F5-9007-66EF03AEA3B6}.Debug|x64.Build.0 = Debug|Any CPU
		{2D40F751-1B31-46F5-9007-66EF03AEA3B6}.Debug|x86.ActiveCfg = Debug|Any CPU
		{2D40F751-1B31-46F5-9007-66EF03AEA3B6}.Debug|x86.Build.0 = Debug|Any CPU
		{2D40F751-1B31-46F5-9007-66EF03AEA3B6}.Release|Any CPU.ActiveCfg = Release|Any CPU
		{2D40F751-1B31-46F5-9007-66EF03AEA3B6}.Release|Any CPU.Build.0 = Release|Any CPU
		{2D40F751-1B31-46F5-9007-66EF03AEA3B6}.Release|x64.ActiveCfg = Release|Any CPU
		{2D40F751-1B31-46F5-9007-66EF03AEA3B6}.Release|x64.Build.0 = Release|Any CPU
		{2D40F751-1B31-46F5-9007-66EF03AEA3B6}.Release|x86.ActiveCfg = Release|Any CPU
		{2D40F751-1B31-46F5-9007-66EF03AEA3B6}.Release|x86.Build.0 = Release|Any CPU
		{6678E42F-36AA-451F-98AC-B861D15D996F}.Debug|Any CPU.ActiveCfg = Debug|Any CPU
		{6678E42F-36AA-451F-98AC-B861D15D996F}.Debug|Any CPU.Build.0 = Debug|Any CPU
		{6678E42F-36AA-451F-98AC-B861D15D996F}.Debug|x64.ActiveCfg = Debug|Any CPU
		{6678E42F-36AA-451F-98AC-B861D15D996F}.Debug|x64.Build.0 = Debug|Any CPU
		{6678E42F-36AA-451F-98AC-B861D15D996F}.Debug|x86.ActiveCfg = Debug|Any CPU
		{6678E42F-36AA-451F-98AC-B861D15D996F}.Debug|x86.Build.0 = Debug|Any CPU
		{6678E42F-36AA-451F-98AC-B861D15D996F}.Release|Any CPU.ActiveCfg = Release|Any CPU
		{6678E42F-36AA-451F-98AC-B861D15D996F}.Release|Any CPU.Build.0 = Release|Any CPU
		{6678E42F-36AA-451F-98AC-B861D15D996F}.Release|x64.ActiveCfg = Release|Any CPU
		{6678E42F-36AA-451F-98AC-B861D15D996F}.Release|x64.Build.0 = Release|Any CPU
		{6678E42F-36AA-451F-98AC-B861D15D996F}.Release|x86.ActiveCfg = Release|Any CPU
		{6678E42F-36AA-451F-98AC-B861D15D996F}.Release|x86.Build.0 = Release|Any CPU
		{11ECEBDD-EEF5-4F58-BC16-61DAFDEEB6AE}.Debug|Any CPU.ActiveCfg = Debug|Any CPU
		{11ECEBDD-EEF5-4F58-BC16-61DAFDEEB6AE}.Debug|Any CPU.Build.0 = Debug|Any CPU
		{11ECEBDD-EEF5-4F58-BC16-61DAFDEEB6AE}.Debug|x64.ActiveCfg = Debug|Any CPU
		{11ECEBDD-EEF5-4F58-BC16-61DAFDEEB6AE}.Debug|x64.Build.0 = Debug|Any CPU
		{11ECEBDD-EEF5-4F58-BC16-61DAFDEEB6AE}.Debug|x86.ActiveCfg = Debug|Any CPU
		{11ECEBDD-EEF5-4F58-BC16-61DAFDEEB6AE}.Debug|x86.Build.0 = Debug|Any CPU
		{11ECEBDD-EEF5-4F58-BC16-61DAFDEEB6AE}.Release|Any CPU.ActiveCfg = Release|Any CPU
		{11ECEBDD-EEF5-4F58-BC16-61DAFDEEB6AE}.Release|Any CPU.Build.0 = Release|Any CPU
		{11ECEBDD-EEF5-4F58-BC16-61DAFDEEB6AE}.Release|x64.ActiveCfg = Release|Any CPU
		{11ECEBDD-EEF5-4F58-BC16-61DAFDEEB6AE}.Release|x64.Build.0 = Release|Any CPU
		{11ECEBDD-EEF5-4F58-BC16-61DAFDEEB6AE}.Release|x86.ActiveCfg = Release|Any CPU
		{11ECEBDD-EEF5-4F58-BC16-61DAFDEEB6AE}.Release|x86.Build.0 = Release|Any CPU
		{2D834B31-7393-4CB9-B7AB-7F5C69D1F5BA}.Debug|Any CPU.ActiveCfg = Debug|Any CPU
		{2D834B31-7393-4CB9-B7AB-7F5C69D1F5BA}.Debug|Any CPU.Build.0 = Debug|Any CPU
		{2D834B31-7393-4CB9-B7AB-7F5C69D1F5BA}.Debug|x64.ActiveCfg = Debug|Any CPU
		{2D834B31-7393-4CB9-B7AB-7F5C69D1F5BA}.Debug|x64.Build.0 = Debug|Any CPU
		{2D834B31-7393-4CB9-B7AB-7F5C69D1F5BA}.Debug|x86.ActiveCfg = Debug|Any CPU
		{2D834B31-7393-4CB9-B7AB-7F5C69D1F5BA}.Debug|x86.Build.0 = Debug|Any CPU
		{2D834B31-7393-4CB9-B7AB-7F5C69D1F5BA}.Release|Any CPU.ActiveCfg = Release|Any CPU
		{2D834B31-7393-4CB9-B7AB-7F5C69D1F5BA}.Release|Any CPU.Build.0 = Release|Any CPU
		{2D834B31-7393-4CB9-B7AB-7F5C69D1F5BA}.Release|x64.ActiveCfg = Release|Any CPU
		{2D834B31-7393-4CB9-B7AB-7F5C69D1F5BA}.Release|x64.Build.0 = Release|Any CPU
		{2D834B31-7393-4CB9-B7AB-7F5C69D1F5BA}.Release|x86.ActiveCfg = Release|Any CPU
		{2D834B31-7393-4CB9-B7AB-7F5C69D1F5BA}.Release|x86.Build.0 = Release|Any CPU
		{1FCD6A18-AF4B-48BC-9055-E1DA1CE010B5}.Debug|Any CPU.ActiveCfg = Debug|Any CPU
		{1FCD6A18-AF4B-48BC-9055-E1DA1CE010B5}.Debug|Any CPU.Build.0 = Debug|Any CPU
		{1FCD6A18-AF4B-48BC-9055-E1DA1CE010B5}.Debug|x64.ActiveCfg = Debug|Any CPU
		{1FCD6A18-AF4B-48BC-9055-E1DA1CE010B5}.Debug|x64.Build.0 = Debug|Any CPU
		{1FCD6A18-AF4B-48BC-9055-E1DA1CE010B5}.Debug|x86.ActiveCfg = Debug|Any CPU
		{1FCD6A18-AF4B-48BC-9055-E1DA1CE010B5}.Debug|x86.Build.0 = Debug|Any CPU
		{1FCD6A18-AF4B-48BC-9055-E1DA1CE010B5}.Release|Any CPU.ActiveCfg = Release|Any CPU
		{1FCD6A18-AF4B-48BC-9055-E1DA1CE010B5}.Release|Any CPU.Build.0 = Release|Any CPU
		{1FCD6A18-AF4B-48BC-9055-E1DA1CE010B5}.Release|x64.ActiveCfg = Release|Any CPU
		{1FCD6A18-AF4B-48BC-9055-E1DA1CE010B5}.Release|x64.Build.0 = Release|Any CPU
		{1FCD6A18-AF4B-48BC-9055-E1DA1CE010B5}.Release|x86.ActiveCfg = Release|Any CPU
		{1FCD6A18-AF4B-48BC-9055-E1DA1CE010B5}.Release|x86.Build.0 = Release|Any CPU
		{9016B61B-D13F-48D0-9E17-CD2C76037BC0}.Debug|Any CPU.ActiveCfg = Debug|Any CPU
		{9016B61B-D13F-48D0-9E17-CD2C76037BC0}.Debug|Any CPU.Build.0 = Debug|Any CPU
		{9016B61B-D13F-48D0-9E17-CD2C76037BC0}.Debug|x64.ActiveCfg = Debug|Any CPU
		{9016B61B-D13F-48D0-9E17-CD2C76037BC0}.Debug|x64.Build.0 = Debug|Any CPU
		{9016B61B-D13F-48D0-9E17-CD2C76037BC0}.Debug|x86.ActiveCfg = Debug|Any CPU
		{9016B61B-D13F-48D0-9E17-CD2C76037BC0}.Debug|x86.Build.0 = Debug|Any CPU
		{9016B61B-D13F-48D0-9E17-CD2C76037BC0}.Release|Any CPU.ActiveCfg = Release|Any CPU
		{9016B61B-D13F-48D0-9E17-CD2C76037BC0}.Release|Any CPU.Build.0 = Release|Any CPU
		{9016B61B-D13F-48D0-9E17-CD2C76037BC0}.Release|x64.ActiveCfg = Release|Any CPU
		{9016B61B-D13F-48D0-9E17-CD2C76037BC0}.Release|x64.Build.0 = Release|Any CPU
		{9016B61B-D13F-48D0-9E17-CD2C76037BC0}.Release|x86.ActiveCfg = Release|Any CPU
		{9016B61B-D13F-48D0-9E17-CD2C76037BC0}.Release|x86.Build.0 = Release|Any CPU
		{54753BC7-B588-490F-9C6C-E5EC4C99C506}.Debug|Any CPU.ActiveCfg = Debug|Any CPU
		{54753BC7-B588-490F-9C6C-E5EC4C99C506}.Debug|Any CPU.Build.0 = Debug|Any CPU
		{54753BC7-B588-490F-9C6C-E5EC4C99C506}.Debug|x64.ActiveCfg = Debug|Any CPU
		{54753BC7-B588-490F-9C6C-E5EC4C99C506}.Debug|x64.Build.0 = Debug|Any CPU
		{54753BC7-B588-490F-9C6C-E5EC4C99C506}.Debug|x86.ActiveCfg = Debug|Any CPU
		{54753BC7-B588-490F-9C6C-E5EC4C99C506}.Debug|x86.Build.0 = Debug|Any CPU
		{54753BC7-B588-490F-9C6C-E5EC4C99C506}.Release|Any CPU.ActiveCfg = Release|Any CPU
		{54753BC7-B588-490F-9C6C-E5EC4C99C506}.Release|Any CPU.Build.0 = Release|Any CPU
		{54753BC7-B588-490F-9C6C-E5EC4C99C506}.Release|x64.ActiveCfg = Release|Any CPU
		{54753BC7-B588-490F-9C6C-E5EC4C99C506}.Release|x64.Build.0 = Release|Any CPU
		{54753BC7-B588-490F-9C6C-E5EC4C99C506}.Release|x86.ActiveCfg = Release|Any CPU
		{54753BC7-B588-490F-9C6C-E5EC4C99C506}.Release|x86.Build.0 = Release|Any CPU
		{643C2737-022C-4852-A3B0-10C8C659392F}.Debug|Any CPU.ActiveCfg = Debug|Any CPU
		{643C2737-022C-4852-A3B0-10C8C659392F}.Debug|Any CPU.Build.0 = Debug|Any CPU
		{643C2737-022C-4852-A3B0-10C8C659392F}.Debug|x64.ActiveCfg = Debug|Any CPU
		{643C2737-022C-4852-A3B0-10C8C659392F}.Debug|x64.Build.0 = Debug|Any CPU
		{643C2737-022C-4852-A3B0-10C8C659392F}.Debug|x86.ActiveCfg = Debug|Any CPU
		{643C2737-022C-4852-A3B0-10C8C659392F}.Debug|x86.Build.0 = Debug|Any CPU
		{643C2737-022C-4852-A3B0-10C8C659392F}.Release|Any CPU.ActiveCfg = Release|Any CPU
		{643C2737-022C-4852-A3B0-10C8C659392F}.Release|Any CPU.Build.0 = Release|Any CPU
		{643C2737-022C-4852-A3B0-10C8C659392F}.Release|x64.ActiveCfg = Release|Any CPU
		{643C2737-022C-4852-A3B0-10C8C659392F}.Release|x64.Build.0 = Release|Any CPU
		{643C2737-022C-4852-A3B0-10C8C659392F}.Release|x86.ActiveCfg = Release|Any CPU
		{643C2737-022C-4852-A3B0-10C8C659392F}.Release|x86.Build.0 = Release|Any CPU
		{6D056488-32CE-463E-9103-A4C3ED400BBA}.Debug|Any CPU.ActiveCfg = Debug|Any CPU
		{6D056488-32CE-463E-9103-A4C3ED400BBA}.Debug|Any CPU.Build.0 = Debug|Any CPU
		{6D056488-32CE-463E-9103-A4C3ED400BBA}.Debug|x64.ActiveCfg = Debug|Any CPU
		{6D056488-32CE-463E-9103-A4C3ED400BBA}.Debug|x64.Build.0 = Debug|Any CPU
		{6D056488-32CE-463E-9103-A4C3ED400BBA}.Debug|x86.ActiveCfg = Debug|Any CPU
		{6D056488-32CE-463E-9103-A4C3ED400BBA}.Debug|x86.Build.0 = Debug|Any CPU
		{6D056488-32CE-463E-9103-A4C3ED400BBA}.Release|Any CPU.ActiveCfg = Release|Any CPU
		{6D056488-32CE-463E-9103-A4C3ED400BBA}.Release|Any CPU.Build.0 = Release|Any CPU
		{6D056488-32CE-463E-9103-A4C3ED400BBA}.Release|x64.ActiveCfg = Release|Any CPU
		{6D056488-32CE-463E-9103-A4C3ED400BBA}.Release|x64.Build.0 = Release|Any CPU
		{6D056488-32CE-463E-9103-A4C3ED400BBA}.Release|x86.ActiveCfg = Release|Any CPU
		{6D056488-32CE-463E-9103-A4C3ED400BBA}.Release|x86.Build.0 = Release|Any CPU
		{611EEF19-1E26-4F03-A39A-FAAD11B17F0C}.Debug|Any CPU.ActiveCfg = Debug|Any CPU
		{611EEF19-1E26-4F03-A39A-FAAD11B17F0C}.Debug|Any CPU.Build.0 = Debug|Any CPU
		{611EEF19-1E26-4F03-A39A-FAAD11B17F0C}.Debug|x64.ActiveCfg = Debug|Any CPU
		{611EEF19-1E26-4F03-A39A-FAAD11B17F0C}.Debug|x64.Build.0 = Debug|Any CPU
		{611EEF19-1E26-4F03-A39A-FAAD11B17F0C}.Debug|x86.ActiveCfg = Debug|Any CPU
		{611EEF19-1E26-4F03-A39A-FAAD11B17F0C}.Debug|x86.Build.0 = Debug|Any CPU
		{611EEF19-1E26-4F03-A39A-FAAD11B17F0C}.Release|Any CPU.ActiveCfg = Release|Any CPU
		{611EEF19-1E26-4F03-A39A-FAAD11B17F0C}.Release|Any CPU.Build.0 = Release|Any CPU
		{611EEF19-1E26-4F03-A39A-FAAD11B17F0C}.Release|x64.ActiveCfg = Release|Any CPU
		{611EEF19-1E26-4F03-A39A-FAAD11B17F0C}.Release|x64.Build.0 = Release|Any CPU
		{611EEF19-1E26-4F03-A39A-FAAD11B17F0C}.Release|x86.ActiveCfg = Release|Any CPU
		{611EEF19-1E26-4F03-A39A-FAAD11B17F0C}.Release|x86.Build.0 = Release|Any CPU
		{9952390D-BABD-4A70-8280-CDDB82A4F1C7}.Debug|Any CPU.ActiveCfg = Debug|Any CPU
		{9952390D-BABD-4A70-8280-CDDB82A4F1C7}.Debug|Any CPU.Build.0 = Debug|Any CPU
		{9952390D-BABD-4A70-8280-CDDB82A4F1C7}.Debug|x64.ActiveCfg = Debug|Any CPU
		{9952390D-BABD-4A70-8280-CDDB82A4F1C7}.Debug|x64.Build.0 = Debug|Any CPU
		{9952390D-BABD-4A70-8280-CDDB82A4F1C7}.Debug|x86.ActiveCfg = Debug|Any CPU
		{9952390D-BABD-4A70-8280-CDDB82A4F1C7}.Debug|x86.Build.0 = Debug|Any CPU
		{9952390D-BABD-4A70-8280-CDDB82A4F1C7}.Release|Any CPU.ActiveCfg = Release|Any CPU
		{9952390D-BABD-4A70-8280-CDDB82A4F1C7}.Release|Any CPU.Build.0 = Release|Any CPU
		{9952390D-BABD-4A70-8280-CDDB82A4F1C7}.Release|x64.ActiveCfg = Release|Any CPU
		{9952390D-BABD-4A70-8280-CDDB82A4F1C7}.Release|x64.Build.0 = Release|Any CPU
		{9952390D-BABD-4A70-8280-CDDB82A4F1C7}.Release|x86.ActiveCfg = Release|Any CPU
		{9952390D-BABD-4A70-8280-CDDB82A4F1C7}.Release|x86.Build.0 = Release|Any CPU
		{1D81381E-4071-4668-9D22-DF075FCF96BF}.Debug|Any CPU.ActiveCfg = Debug|Any CPU
		{1D81381E-4071-4668-9D22-DF075FCF96BF}.Debug|Any CPU.Build.0 = Debug|Any CPU
		{1D81381E-4071-4668-9D22-DF075FCF96BF}.Debug|x64.ActiveCfg = Debug|Any CPU
		{1D81381E-4071-4668-9D22-DF075FCF96BF}.Debug|x64.Build.0 = Debug|Any CPU
		{1D81381E-4071-4668-9D22-DF075FCF96BF}.Debug|x86.ActiveCfg = Debug|Any CPU
		{1D81381E-4071-4668-9D22-DF075FCF96BF}.Debug|x86.Build.0 = Debug|Any CPU
		{1D81381E-4071-4668-9D22-DF075FCF96BF}.Release|Any CPU.ActiveCfg = Release|Any CPU
		{1D81381E-4071-4668-9D22-DF075FCF96BF}.Release|Any CPU.Build.0 = Release|Any CPU
		{1D81381E-4071-4668-9D22-DF075FCF96BF}.Release|x64.ActiveCfg = Release|Any CPU
		{1D81381E-4071-4668-9D22-DF075FCF96BF}.Release|x64.Build.0 = Release|Any CPU
		{1D81381E-4071-4668-9D22-DF075FCF96BF}.Release|x86.ActiveCfg = Release|Any CPU
		{1D81381E-4071-4668-9D22-DF075FCF96BF}.Release|x86.Build.0 = Release|Any CPU
		{BF97C914-3943-4BA0-A059-E574B23751C0}.Debug|Any CPU.ActiveCfg = Debug|Any CPU
		{BF97C914-3943-4BA0-A059-E574B23751C0}.Debug|Any CPU.Build.0 = Debug|Any CPU
		{BF97C914-3943-4BA0-A059-E574B23751C0}.Debug|x64.ActiveCfg = Debug|Any CPU
		{BF97C914-3943-4BA0-A059-E574B23751C0}.Debug|x64.Build.0 = Debug|Any CPU
		{BF97C914-3943-4BA0-A059-E574B23751C0}.Debug|x86.ActiveCfg = Debug|Any CPU
		{BF97C914-3943-4BA0-A059-E574B23751C0}.Debug|x86.Build.0 = Debug|Any CPU
		{BF97C914-3943-4BA0-A059-E574B23751C0}.Release|Any CPU.ActiveCfg = Release|Any CPU
		{BF97C914-3943-4BA0-A059-E574B23751C0}.Release|Any CPU.Build.0 = Release|Any CPU
		{BF97C914-3943-4BA0-A059-E574B23751C0}.Release|x64.ActiveCfg = Release|Any CPU
		{BF97C914-3943-4BA0-A059-E574B23751C0}.Release|x64.Build.0 = Release|Any CPU
		{BF97C914-3943-4BA0-A059-E574B23751C0}.Release|x86.ActiveCfg = Release|Any CPU
		{BF97C914-3943-4BA0-A059-E574B23751C0}.Release|x86.Build.0 = Release|Any CPU
		{FA2236C4-290F-4CAF-B812-997DB5AC9770}.Debug|Any CPU.ActiveCfg = Debug|Any CPU
		{FA2236C4-290F-4CAF-B812-997DB5AC9770}.Debug|Any CPU.Build.0 = Debug|Any CPU
		{FA2236C4-290F-4CAF-B812-997DB5AC9770}.Debug|x64.ActiveCfg = Debug|Any CPU
		{FA2236C4-290F-4CAF-B812-997DB5AC9770}.Debug|x64.Build.0 = Debug|Any CPU
		{FA2236C4-290F-4CAF-B812-997DB5AC9770}.Debug|x86.ActiveCfg = Debug|Any CPU
		{FA2236C4-290F-4CAF-B812-997DB5AC9770}.Debug|x86.Build.0 = Debug|Any CPU
		{FA2236C4-290F-4CAF-B812-997DB5AC9770}.Release|Any CPU.ActiveCfg = Release|Any CPU
		{FA2236C4-290F-4CAF-B812-997DB5AC9770}.Release|Any CPU.Build.0 = Release|Any CPU
		{FA2236C4-290F-4CAF-B812-997DB5AC9770}.Release|x64.ActiveCfg = Release|Any CPU
		{FA2236C4-290F-4CAF-B812-997DB5AC9770}.Release|x64.Build.0 = Release|Any CPU
		{FA2236C4-290F-4CAF-B812-997DB5AC9770}.Release|x86.ActiveCfg = Release|Any CPU
		{FA2236C4-290F-4CAF-B812-997DB5AC9770}.Release|x86.Build.0 = Release|Any CPU
		{73FD7B5C-BECE-4394-979D-D3FE9CCB04CA}.Debug|Any CPU.ActiveCfg = Debug|Any CPU
		{73FD7B5C-BECE-4394-979D-D3FE9CCB04CA}.Debug|Any CPU.Build.0 = Debug|Any CPU
		{73FD7B5C-BECE-4394-979D-D3FE9CCB04CA}.Debug|x64.ActiveCfg = Debug|Any CPU
		{73FD7B5C-BECE-4394-979D-D3FE9CCB04CA}.Debug|x64.Build.0 = Debug|Any CPU
		{73FD7B5C-BECE-4394-979D-D3FE9CCB04CA}.Debug|x86.ActiveCfg = Debug|Any CPU
		{73FD7B5C-BECE-4394-979D-D3FE9CCB04CA}.Debug|x86.Build.0 = Debug|Any CPU
		{73FD7B5C-BECE-4394-979D-D3FE9CCB04CA}.Release|Any CPU.ActiveCfg = Release|Any CPU
		{73FD7B5C-BECE-4394-979D-D3FE9CCB04CA}.Release|Any CPU.Build.0 = Release|Any CPU
		{73FD7B5C-BECE-4394-979D-D3FE9CCB04CA}.Release|x64.ActiveCfg = Release|Any CPU
		{73FD7B5C-BECE-4394-979D-D3FE9CCB04CA}.Release|x64.Build.0 = Release|Any CPU
		{73FD7B5C-BECE-4394-979D-D3FE9CCB04CA}.Release|x86.ActiveCfg = Release|Any CPU
		{73FD7B5C-BECE-4394-979D-D3FE9CCB04CA}.Release|x86.Build.0 = Release|Any CPU
		{42E0ABC0-B720-4BA2-B517-00FB7D446074}.Debug|Any CPU.ActiveCfg = Debug|Any CPU
		{42E0ABC0-B720-4BA2-B517-00FB7D446074}.Debug|Any CPU.Build.0 = Debug|Any CPU
		{42E0ABC0-B720-4BA2-B517-00FB7D446074}.Debug|x64.ActiveCfg = Debug|Any CPU
		{42E0ABC0-B720-4BA2-B517-00FB7D446074}.Debug|x64.Build.0 = Debug|Any CPU
		{42E0ABC0-B720-4BA2-B517-00FB7D446074}.Debug|x86.ActiveCfg = Debug|Any CPU
		{42E0ABC0-B720-4BA2-B517-00FB7D446074}.Debug|x86.Build.0 = Debug|Any CPU
		{42E0ABC0-B720-4BA2-B517-00FB7D446074}.Release|Any CPU.ActiveCfg = Release|Any CPU
		{42E0ABC0-B720-4BA2-B517-00FB7D446074}.Release|Any CPU.Build.0 = Release|Any CPU
		{42E0ABC0-B720-4BA2-B517-00FB7D446074}.Release|x64.ActiveCfg = Release|Any CPU
		{42E0ABC0-B720-4BA2-B517-00FB7D446074}.Release|x64.Build.0 = Release|Any CPU
		{42E0ABC0-B720-4BA2-B517-00FB7D446074}.Release|x86.ActiveCfg = Release|Any CPU
		{42E0ABC0-B720-4BA2-B517-00FB7D446074}.Release|x86.Build.0 = Release|Any CPU
		{8F0A251D-7FBE-4A62-9541-C0A7BB7B440E}.Debug|Any CPU.ActiveCfg = Debug|Any CPU
		{8F0A251D-7FBE-4A62-9541-C0A7BB7B440E}.Debug|Any CPU.Build.0 = Debug|Any CPU
		{8F0A251D-7FBE-4A62-9541-C0A7BB7B440E}.Debug|x64.ActiveCfg = Debug|Any CPU
		{8F0A251D-7FBE-4A62-9541-C0A7BB7B440E}.Debug|x64.Build.0 = Debug|Any CPU
		{8F0A251D-7FBE-4A62-9541-C0A7BB7B440E}.Debug|x86.ActiveCfg = Debug|Any CPU
		{8F0A251D-7FBE-4A62-9541-C0A7BB7B440E}.Debug|x86.Build.0 = Debug|Any CPU
		{8F0A251D-7FBE-4A62-9541-C0A7BB7B440E}.Release|Any CPU.ActiveCfg = Release|Any CPU
		{8F0A251D-7FBE-4A62-9541-C0A7BB7B440E}.Release|Any CPU.Build.0 = Release|Any CPU
		{8F0A251D-7FBE-4A62-9541-C0A7BB7B440E}.Release|x64.ActiveCfg = Release|Any CPU
		{8F0A251D-7FBE-4A62-9541-C0A7BB7B440E}.Release|x64.Build.0 = Release|Any CPU
		{8F0A251D-7FBE-4A62-9541-C0A7BB7B440E}.Release|x86.ActiveCfg = Release|Any CPU
		{8F0A251D-7FBE-4A62-9541-C0A7BB7B440E}.Release|x86.Build.0 = Release|Any CPU
		{A9B8A01E-1DFB-4712-BADC-BB75F00BAC3F}.Debug|Any CPU.ActiveCfg = Debug|Any CPU
		{A9B8A01E-1DFB-4712-BADC-BB75F00BAC3F}.Debug|Any CPU.Build.0 = Debug|Any CPU
		{A9B8A01E-1DFB-4712-BADC-BB75F00BAC3F}.Debug|x64.ActiveCfg = Debug|Any CPU
		{A9B8A01E-1DFB-4712-BADC-BB75F00BAC3F}.Debug|x64.Build.0 = Debug|Any CPU
		{A9B8A01E-1DFB-4712-BADC-BB75F00BAC3F}.Debug|x86.ActiveCfg = Debug|Any CPU
		{A9B8A01E-1DFB-4712-BADC-BB75F00BAC3F}.Debug|x86.Build.0 = Debug|Any CPU
		{A9B8A01E-1DFB-4712-BADC-BB75F00BAC3F}.Release|Any CPU.ActiveCfg = Release|Any CPU
		{A9B8A01E-1DFB-4712-BADC-BB75F00BAC3F}.Release|Any CPU.Build.0 = Release|Any CPU
		{A9B8A01E-1DFB-4712-BADC-BB75F00BAC3F}.Release|x64.ActiveCfg = Release|Any CPU
		{A9B8A01E-1DFB-4712-BADC-BB75F00BAC3F}.Release|x64.Build.0 = Release|Any CPU
		{A9B8A01E-1DFB-4712-BADC-BB75F00BAC3F}.Release|x86.ActiveCfg = Release|Any CPU
		{A9B8A01E-1DFB-4712-BADC-BB75F00BAC3F}.Release|x86.Build.0 = Release|Any CPU
	EndGlobalSection
	GlobalSection(SolutionProperties) = preSolution
		HideSolutionNode = FALSE
	EndGlobalSection
EndGlobal
